PODS:
  - ffmpeg-kit-macos-full (4.5.1)
  - RxCocoa (6.5.0):
    - RxRelay (= 6.5.0)
    - RxSwift (= 6.5.0)
  - RxRelay (6.5.0):
    - RxSwift (= 6.5.0)
  - RxSwift (6.5.0)
  - VLCKit (3.4.1b9)

DEPENDENCIES:
  - ffmpeg-kit-macos-full (~> 4.5.1)
  - RxCocoa (~> 6.5.0)
  - RxSwift (~> 6.5.0)
  - VLCKit (~> 3.4.1b8)

SPEC REPOS:
  trunk:
    - ffmpeg-kit-macos-full
    - RxCocoa
    - RxRelay
    - RxSwift
    - VLCKit

SPEC CHECKSUMS:
  ffmpeg-kit-macos-full: 8bf0ab8d570a487f9da07d564f6e49bd6f008bac
  RxCocoa: 94f817b71c07517321eb4f9ad299112ca8af743b
  RxRelay: 1de1523e604c72b6c68feadedd1af3b1b4d0ecbd
  RxSwift: 5710a9e6b17f3c3d6e40d6e559b9fa1e813b2ef8
  VLCKit: 51fbe9c2ed0575547a7cbd48c9fb9f231b1e881e

PODFILE CHECKSUM: e6c993c936338230836d126973607f79f3464145

COCOAPODS: 1.11.3
