// !$*UTF8*$!
{
	archiveVersion = 1;
	classes = {
	};
	objectVersion = 55;
	objects = {

/* Begin PBXBuildFile section */
		3E02AF9A281704D000BE6FE4 /* ControlPanel.swift in Sources */ = {isa = PBXBuildFile; fileRef = 3E02AF99281704D000BE6FE4 /* ControlPanel.swift */; };
		3E02AF9C2818089B00BE6FE4 /* Assets.xcassets in Resources */ = {isa = PBXBuildFile; fileRef = 3E02AF9B2818089B00BE6FE4 /* Assets.xcassets */; };
		3E03868B2827C64100A429F8 /* Rx+Extensions.swift in Sources */ = {isa = PBXBuildFile; fileRef = 3E03868A2827C64100A429F8 /* Rx+Extensions.swift */; };
		3E03868D2827C6F000A429F8 /* NSTextField+Rx.swift in Sources */ = {isa = PBXBuildFile; fileRef = 3E03868C2827C6F000A429F8 /* NSTextField+Rx.swift */; };
		3E03869128280E7000A429F8 /* UnitStorage.swift in Sources */ = {isa = PBXBuildFile; fileRef = 3E03869028280E7000A429F8 /* UnitStorage.swift */; };
		3E08DF4D2838BC8A0065B53E /* MainWindowViewController.swift in Sources */ = {isa = PBXBuildFile; fileRef = 3E08DF4C2838BC8A0065B53E /* MainWindowViewController.swift */; };
		3E08DF4F2838C3B20065B53E /* MainWindowViewModel.swift in Sources */ = {isa = PBXBuildFile; fileRef = 3E08DF4E2838C3B20065B53E /* MainWindowViewModel.swift */; };
		3E08DF5B2838E4F40065B53E /* MainWindowViewModelTests.swift in Sources */ = {isa = PBXBuildFile; fileRef = 3E08DF5A2838E4F40065B53E /* MainWindowViewModelTests.swift */; };
		3E18655B283240620003016E /* ClosedRange+Extensions.swift in Sources */ = {isa = PBXBuildFile; fileRef = 3E18655A283240620003016E /* ClosedRange+Extensions.swift */; };
		3E18655D283252640003016E /* ClipViewModel.swift in Sources */ = {isa = PBXBuildFile; fileRef = 3E18655C283252640003016E /* ClipViewModel.swift */; };
		3E1865612832915B0003016E /* DraggableStackView.swift in Sources */ = {isa = PBXBuildFile; fileRef = 3E1865602832915B0003016E /* DraggableStackView.swift */; };
		3E1865642832D85F0003016E /* SubClipView.swift in Sources */ = {isa = PBXBuildFile; fileRef = 3E1865632832D85F0003016E /* SubClipView.swift */; };
		3E226BBC2831395200067778 /* ClipView.swift in Sources */ = {isa = PBXBuildFile; fileRef = 3E226BBB2831395200067778 /* ClipView.swift */; };
		3E5E5595280C760F000C5435 /* AppDelegate.swift in Sources */ = {isa = PBXBuildFile; fileRef = 3E5E5594280C760F000C5435 /* AppDelegate.swift */; };
		3E5E5597280C760F000C5435 /* MainViewController.swift in Sources */ = {isa = PBXBuildFile; fileRef = 3E5E5596280C760F000C5435 /* MainViewController.swift */; };
		3E5E559C280C7610000C5435 /* Main.storyboard in Resources */ = {isa = PBXBuildFile; fileRef = 3E5E559A280C7610000C5435 /* Main.storyboard */; };
		3E73FD26281DA1AD00143803 /* FFprobe+Extensions.swift in Sources */ = {isa = PBXBuildFile; fileRef = 3E73FD25281DA1AD00143803 /* FFprobe+Extensions.swift */; };
		3E73FD28281DAF2000143803 /* MediaResolution.swift in Sources */ = {isa = PBXBuildFile; fileRef = 3E73FD27281DAF2000143803 /* MediaResolution.swift */; };
		3E73FD2A28200C7700143803 /* FormatBox.swift in Sources */ = {isa = PBXBuildFile; fileRef = 3E73FD2928200C7700143803 /* FormatBox.swift */; };
		3E73FD2C28200CCC00143803 /* NSPopUpButton+Rx.swift in Sources */ = {isa = PBXBuildFile; fileRef = 3E73FD2B28200CCC00143803 /* NSPopUpButton+Rx.swift */; };
		3E73FD2F28204CE900143803 /* String+Extensions.swift in Sources */ = {isa = PBXBuildFile; fileRef = 3E73FD2E28204CE900143803 /* String+Extensions.swift */; };
		3E73FD3128204D1300143803 /* TimeInvertal+Extensions.swift in Sources */ = {isa = PBXBuildFile; fileRef = 3E73FD3028204D1300143803 /* TimeInvertal+Extensions.swift */; };
		3E73FD332820C9BE00143803 /* ControlPanelViewModel.swift in Sources */ = {isa = PBXBuildFile; fileRef = 3E73FD322820C9BE00143803 /* ControlPanelViewModel.swift */; };
		3E73FD372820CF4100143803 /* Comparable+Extensions.swift in Sources */ = {isa = PBXBuildFile; fileRef = 3E73FD362820CF4100143803 /* Comparable+Extensions.swift */; };
		3E80634528150264005B9B3C /* Extensions.swift in Sources */ = {isa = PBXBuildFile; fileRef = 3E80634428150264005B9B3C /* Extensions.swift */; };
		3EA1E83D281855E400CCCA5F /* ImageButton.swift in Sources */ = {isa = PBXBuildFile; fileRef = 3EA1E83C281855E400CCCA5F /* ImageButton.swift */; };
		3EA1E846281AD19100CCCA5F /* MediaInfomationBox.swift in Sources */ = {isa = PBXBuildFile; fileRef = 3EA1E845281AD19100CCCA5F /* MediaInfomationBox.swift */; };
		3EA1E848281AD56500CCCA5F /* MediaPlayerDelegator.swift in Sources */ = {isa = PBXBuildFile; fileRef = 3EA1E847281AD56500CCCA5F /* MediaPlayerDelegator.swift */; };
		3EA2B7E8283A417600AC3C9E /* MainViewModelTests.swift in Sources */ = {isa = PBXBuildFile; fileRef = 3EA2B7E7283A417600AC3C9E /* MainViewModelTests.swift */; };
		3EA2B7EB283A41CC00AC3C9E /* RxTestCase.swift in Sources */ = {isa = PBXBuildFile; fileRef = 3EA2B7EA283A41CC00AC3C9E /* RxTestCase.swift */; };
		3EA2B7EE283A4A5800AC3C9E /* MediaPlayer.swift in Sources */ = {isa = PBXBuildFile; fileRef = 3EA2B7EC283A4A1600AC3C9E /* MediaPlayer.swift */; };
		3EA2B7F1283A8B0F00AC3C9E /* MockMediaPlayer.swift in Sources */ = {isa = PBXBuildFile; fileRef = 3EA2B7F0283A8B0F00AC3C9E /* MockMediaPlayer.swift */; };
		3EA2B7F4283A8D2F00AC3C9E /* OpenPanel.swift in Sources */ = {isa = PBXBuildFile; fileRef = 3EA2B7F2283A8CED00AC3C9E /* OpenPanel.swift */; };
		3EA2B7F6283A8E0F00AC3C9E /* MockOpenPanel.swift in Sources */ = {isa = PBXBuildFile; fileRef = 3EA2B7F5283A8E0F00AC3C9E /* MockOpenPanel.swift */; };
		3EA46AA1283611FB00B0819E /* TextFieldCell.swift in Sources */ = {isa = PBXBuildFile; fileRef = 3EA46AA0283611FB00B0819E /* TextFieldCell.swift */; };
		3EA46AB32836885C00B0819E /* Localizable.strings in Resources */ = {isa = PBXBuildFile; fileRef = 3EA46AB52836885C00B0819E /* Localizable.strings */; };
		3EAEBDBE282AF9B1004BA81C /* ProgressButton.swift in Sources */ = {isa = PBXBuildFile; fileRef = 3EAEBDBD282AF9B1004BA81C /* ProgressButton.swift */; };
		3EAEBDC2282B59BD004BA81C /* FFmpegArgumentsBuilder.swift in Sources */ = {isa = PBXBuildFile; fileRef = 3EAEBDC1282B59BD004BA81C /* FFmpegArgumentsBuilder.swift */; };
		3EAEBDC6282BF7FF004BA81C /* FFmpeg+Extensions.swift in Sources */ = {isa = PBXBuildFile; fileRef = 3EAEBDC5282BF7FF004BA81C /* FFmpeg+Extensions.swift */; };
		3EB87DA92837904500FD0ED1 /* Subtitle.swift in Sources */ = {isa = PBXBuildFile; fileRef = 3EB87DA82837904500FD0ED1 /* Subtitle.swift */; };
		3EDC73D82826451200D5673E /* MainViewModel.swift in Sources */ = {isa = PBXBuildFile; fileRef = 3EDC73D72826451200D5673E /* MainViewModel.swift */; };
		3EDC73DC28267E9600D5673E /* FormatBoxModel.swift in Sources */ = {isa = PBXBuildFile; fileRef = 3EDC73DB28267E9600D5673E /* FormatBoxModel.swift */; };
		3EDC73DE28267FAA00D5673E /* ContainerFormat.swift in Sources */ = {isa = PBXBuildFile; fileRef = 3EDC73DD28267FAA00D5673E /* ContainerFormat.swift */; };
		3EDDC453282552BD00086041 /* AudioTracks.swift in Sources */ = {isa = PBXBuildFile; fileRef = 3EDDC452282552BD00086041 /* AudioTracks.swift */; };
		3EED6EEE282115DE00DDFAEA /* TrimControlModel.swift in Sources */ = {isa = PBXBuildFile; fileRef = 3EED6EED282115DE00DDFAEA /* TrimControlModel.swift */; };
		3EED6EF228211E3D00DDFAEA /* TrimButton.swift in Sources */ = {isa = PBXBuildFile; fileRef = 3EED6EF128211E3D00DDFAEA /* TrimButton.swift */; };
		3EEF90952823FEA200039BB1 /* MediaInfomationBoxModel.swift in Sources */ = {isa = PBXBuildFile; fileRef = 3EEF90942823FEA200039BB1 /* MediaInfomationBoxModel.swift */; };
		3EF84002282FCA6A00689AD6 /* TextFieldSlider.swift in Sources */ = {isa = PBXBuildFile; fileRef = 3EF84001282FCA6A00689AD6 /* TextFieldSlider.swift */; };
		3EFBBC392812A72E00A0A05C /* TrimControl.swift in Sources */ = {isa = PBXBuildFile; fileRef = 3EFBBC382812A72E00A0A05C /* TrimControl.swift */; };
		4A707FFA427D34B334EEB281 /* Pods_TransVid_Forma_TransVid_FormaTests.framework in Frameworks */ = {isa = PBXBuildFile; fileRef = A388D1F287F920A14270FCEA /* Pods_TransVid_Forma_TransVid_FormaTests.framework */; };
		93C1119E601C83E8622CC565 /* Pods_TransVid_Forma_TransVid_FormaUITests.framework in Frameworks */ = {isa = PBXBuildFile; fileRef = 02D7AD39F088D87E61BAEA5E /* Pods_TransVid_Forma_TransVid_FormaUITests.framework */; };
		B64C7D9F4F3386AB45BDFE4D /* Pods_TransVid_Forma.framework in Frameworks */ = {isa = PBXBuildFile; fileRef = 7B7E46B2E7CD406F2FD24104 /* Pods_TransVid_Forma.framework */; };
/* End PBXBuildFile section */

/* Begin PBXContainerItemProxy section */
		3E5E55A3280C7610000C5435 /* PBXContainerItemProxy */ = {
			isa = PBXContainerItemProxy;
			containerPortal = 3E5E5589280C760F000C5435 /* Project object */;
			proxyType = 1;
			remoteGlobalIDString = 3E5E5590280C760F000C5435;
			remoteInfo = Transformat;
		};
		3E5E55AD280C7610000C5435 /* PBXContainerItemProxy */ = {
			isa = PBXContainerItemProxy;
			containerPortal = 3E5E5589280C760F000C5435 /* Project object */;
			proxyType = 1;
			remoteGlobalIDString = 3E5E5590280C760F000C5435;
			remoteInfo = Transformat;
		};
/* End PBXContainerItemProxy section */

/* Begin PBXFileReference section */
		02D7AD39F088D87E61BAEA5E /* Pods_TransVid_Forma_TransVid_FormaUITests.framework */ = {isa = PBXFileReference; explicitFileType = wrapper.framework; includeInIndex = 0; path = Pods_TransVid_Forma_TransVid_FormaUITests.framework; sourceTree = BUILT_PRODUCTS_DIR; };
		0A7A4963D9600CCAFA818F68 /* Pods-TransVid Forma.release.xcconfig */ = {isa = PBXFileReference; includeInIndex = 1; lastKnownFileType = text.xcconfig; name = "Pods-TransVid Forma.release.xcconfig"; path = "Target Support Files/Pods-TransVid Forma/Pods-TransVid Forma.release.xcconfig"; sourceTree = "<group>"; };
		0B4A6C23E7222F6DFFD70263 /* Pods-TransVid Forma-TransVid FormaUITests.release.xcconfig */ = {isa = PBXFileReference; includeInIndex = 1; lastKnownFileType = text.xcconfig; name = "Pods-TransVid Forma-TransVid FormaUITests.release.xcconfig"; path = "Target Support Files/Pods-TransVid Forma-TransVid FormaUITests/Pods-TransVid Forma-TransVid FormaUITests.release.xcconfig"; sourceTree = "<group>"; };
		207C16285A5FADEFE11F125D /* Pods-TransVid Forma-TransVid FormaTests.release.xcconfig */ = {isa = PBXFileReference; includeInIndex = 1; lastKnownFileType = text.xcconfig; name = "Pods-TransVid Forma-TransVid FormaTests.release.xcconfig"; path = "Target Support Files/Pods-TransVid Forma-TransVid FormaTests/Pods-TransVid Forma-TransVid FormaTests.release.xcconfig"; sourceTree = "<group>"; };
		3E02AF99281704D000BE6FE4 /* ControlPanel.swift */ = {isa = PBXFileReference; lastKnownFileType = sourcecode.swift; path = ControlPanel.swift; sourceTree = "<group>"; };
		3E02AF9B2818089B00BE6FE4 /* Assets.xcassets */ = {isa = PBXFileReference; lastKnownFileType = folder.assetcatalog; path = Assets.xcassets; sourceTree = "<group>"; };
		3E03868A2827C64100A429F8 /* Rx+Extensions.swift */ = {isa = PBXFileReference; lastKnownFileType = sourcecode.swift; path = "Rx+Extensions.swift"; sourceTree = "<group>"; };
		3E03868C2827C6F000A429F8 /* NSTextField+Rx.swift */ = {isa = PBXFileReference; lastKnownFileType = sourcecode.swift; path = "NSTextField+Rx.swift"; sourceTree = "<group>"; };
		3E03869028280E7000A429F8 /* UnitStorage.swift */ = {isa = PBXFileReference; lastKnownFileType = sourcecode.swift; path = UnitStorage.swift; sourceTree = "<group>"; };
		3E08DF4C2838BC8A0065B53E /* MainWindowViewController.swift */ = {isa = PBXFileReference; lastKnownFileType = sourcecode.swift; path = MainWindowViewController.swift; sourceTree = "<group>"; };
		3E08DF4E2838C3B20065B53E /* MainWindowViewModel.swift */ = {isa = PBXFileReference; lastKnownFileType = sourcecode.swift; path = MainWindowViewModel.swift; sourceTree = "<group>"; };
		3E08DF592838E4F30065B53E /* TransVid FormaTests-Bridging-Header.h */ = {isa = PBXFileReference; lastKnownFileType = sourcecode.c.h; path = "TransVid FormaTests-Bridging-Header.h"; sourceTree = "<group>"; };
		3E08DF5A2838E4F40065B53E /* MainWindowViewModelTests.swift */ = {isa = PBXFileReference; lastKnownFileType = sourcecode.swift; path = MainWindowViewModelTests.swift; sourceTree = "<group>"; };
		3E18655A283240620003016E /* ClosedRange+Extensions.swift */ = {isa = PBXFileReference; lastKnownFileType = sourcecode.swift; path = "ClosedRange+Extensions.swift"; sourceTree = "<group>"; };
		3E18655C283252640003016E /* ClipViewModel.swift */ = {isa = PBXFileReference; lastKnownFileType = sourcecode.swift; path = ClipViewModel.swift; sourceTree = "<group>"; };
		3E1865602832915B0003016E /* DraggableStackView.swift */ = {isa = PBXFileReference; lastKnownFileType = sourcecode.swift; path = DraggableStackView.swift; sourceTree = "<group>"; };
		3E1865632832D85F0003016E /* SubClipView.swift */ = {isa = PBXFileReference; lastKnownFileType = sourcecode.swift; path = SubClipView.swift; sourceTree = "<group>"; };
		3E226BBB2831395200067778 /* ClipView.swift */ = {isa = PBXFileReference; lastKnownFileType = sourcecode.swift; path = ClipView.swift; sourceTree = "<group>"; };
		3E5E5591280C760F000C5435 /* TransVid Forma.app */ = {isa = PBXFileReference; explicitFileType = wrapper.application; includeInIndex = 0; path = "TransVid Forma.app"; sourceTree = BUILT_PRODUCTS_DIR; };
		3E5E5594280C760F000C5435 /* AppDelegate.swift */ = {isa = PBXFileReference; lastKnownFileType = sourcecode.swift; path = AppDelegate.swift; sourceTree = "<group>"; };
		3E5E5596280C760F000C5435 /* MainViewController.swift */ = {isa = PBXFileReference; lastKnownFileType = sourcecode.swift; path = MainViewController.swift; sourceTree = "<group>"; };
		3E5E559B280C7610000C5435 /* Base */ = {isa = PBXFileReference; lastKnownFileType = file.storyboard; name = Base; path = Base.lproj/Main.storyboard; sourceTree = "<group>"; };
		3E5E55A2280C7610000C5435 /* TransVid FormaTests.xctest */ = {isa = PBXFileReference; explicitFileType = wrapper.cfbundle; includeInIndex = 0; path = "TransVid FormaTests.xctest"; sourceTree = BUILT_PRODUCTS_DIR; };
		3E5E55AC280C7610000C5435 /* TransVid FormaUITests.xctest */ = {isa = PBXFileReference; explicitFileType = wrapper.cfbundle; includeInIndex = 0; path = "TransVid FormaUITests.xctest"; sourceTree = BUILT_PRODUCTS_DIR; };
		3E73FD25281DA1AD00143803 /* FFprobe+Extensions.swift */ = {isa = PBXFileReference; lastKnownFileType = sourcecode.swift; path = "FFprobe+Extensions.swift"; sourceTree = "<group>"; };
		3E73FD27281DAF2000143803 /* MediaResolution.swift */ = {isa = PBXFileReference; lastKnownFileType = sourcecode.swift; path = MediaResolution.swift; sourceTree = "<group>"; };
		3E73FD2928200C7700143803 /* FormatBox.swift */ = {isa = PBXFileReference; lastKnownFileType = sourcecode.swift; path = FormatBox.swift; sourceTree = "<group>"; };
		3E73FD2B28200CCC00143803 /* NSPopUpButton+Rx.swift */ = {isa = PBXFileReference; lastKnownFileType = sourcecode.swift; path = "NSPopUpButton+Rx.swift"; sourceTree = "<group>"; };
		3E73FD2E28204CE900143803 /* String+Extensions.swift */ = {isa = PBXFileReference; lastKnownFileType = sourcecode.swift; path = "String+Extensions.swift"; sourceTree = "<group>"; };
		3E73FD3028204D1300143803 /* TimeInvertal+Extensions.swift */ = {isa = PBXFileReference; lastKnownFileType = sourcecode.swift; path = "TimeInvertal+Extensions.swift"; sourceTree = "<group>"; };
		3E73FD322820C9BE00143803 /* ControlPanelViewModel.swift */ = {isa = PBXFileReference; lastKnownFileType = sourcecode.swift; path = ControlPanelViewModel.swift; sourceTree = "<group>"; };
		3E73FD362820CF4100143803 /* Comparable+Extensions.swift */ = {isa = PBXFileReference; lastKnownFileType = sourcecode.swift; path = "Comparable+Extensions.swift"; sourceTree = "<group>"; };
		3E80634428150264005B9B3C /* Extensions.swift */ = {isa = PBXFileReference; lastKnownFileType = sourcecode.swift; path = Extensions.swift; sourceTree = "<group>"; };
		3EA1E83C281855E400CCCA5F /* ImageButton.swift */ = {isa = PBXFileReference; lastKnownFileType = sourcecode.swift; path = ImageButton.swift; sourceTree = "<group>"; };
		3EA1E845281AD19100CCCA5F /* MediaInfomationBox.swift */ = {isa = PBXFileReference; lastKnownFileType = sourcecode.swift; path = MediaInfomationBox.swift; sourceTree = "<group>"; };
		3EA1E847281AD56500CCCA5F /* MediaPlayerDelegator.swift */ = {isa = PBXFileReference; lastKnownFileType = sourcecode.swift; path = MediaPlayerDelegator.swift; sourceTree = "<group>"; };
		3EA2B7E7283A417600AC3C9E /* MainViewModelTests.swift */ = {isa = PBXFileReference; lastKnownFileType = sourcecode.swift; path = MainViewModelTests.swift; sourceTree = "<group>"; };
		3EA2B7EA283A41CC00AC3C9E /* RxTestCase.swift */ = {isa = PBXFileReference; lastKnownFileType = sourcecode.swift; path = RxTestCase.swift; sourceTree = "<group>"; };
		3EA2B7EC283A4A1600AC3C9E /* MediaPlayer.swift */ = {isa = PBXFileReference; lastKnownFileType = sourcecode.swift; path = MediaPlayer.swift; sourceTree = "<group>"; };
		3EA2B7F0283A8B0F00AC3C9E /* MockMediaPlayer.swift */ = {isa = PBXFileReference; lastKnownFileType = sourcecode.swift; path = MockMediaPlayer.swift; sourceTree = "<group>"; };
		3EA2B7F2283A8CED00AC3C9E /* OpenPanel.swift */ = {isa = PBXFileReference; lastKnownFileType = sourcecode.swift; path = OpenPanel.swift; sourceTree = "<group>"; };
		3EA2B7F5283A8E0F00AC3C9E /* MockOpenPanel.swift */ = {isa = PBXFileReference; lastKnownFileType = sourcecode.swift; path = MockOpenPanel.swift; sourceTree = "<group>"; };
		3EA46AA0283611FB00B0819E /* TextFieldCell.swift */ = {isa = PBXFileReference; lastKnownFileType = sourcecode.swift; path = TextFieldCell.swift; sourceTree = "<group>"; };
		3EA46AA2283685A400B0819E /* zh-Hans */ = {isa = PBXFileReference; lastKnownFileType = text.plist.strings; name = "zh-Hans"; path = "zh-Hans.lproj/Main.strings"; sourceTree = "<group>"; };
		3EA46AB82836888000B0819E /* zh-Hans */ = {isa = PBXFileReference; lastKnownFileType = text.plist.strings; name = "zh-Hans"; path = "zh-Hans.lproj/Localizable.strings"; sourceTree = "<group>"; };
		3EAEBDBD282AF9B1004BA81C /* ProgressButton.swift */ = {isa = PBXFileReference; lastKnownFileType = sourcecode.swift; path = ProgressButton.swift; sourceTree = "<group>"; };
		3EAEBDC1282B59BD004BA81C /* FFmpegArgumentsBuilder.swift */ = {isa = PBXFileReference; lastKnownFileType = sourcecode.swift; path = FFmpegArgumentsBuilder.swift; sourceTree = "<group>"; };
		3EAEBDC5282BF7FF004BA81C /* FFmpeg+Extensions.swift */ = {isa = PBXFileReference; lastKnownFileType = sourcecode.swift; path = "FFmpeg+Extensions.swift"; sourceTree = "<group>"; };
		3EB87DA82837904500FD0ED1 /* Subtitle.swift */ = {isa = PBXFileReference; lastKnownFileType = sourcecode.swift; path = Subtitle.swift; sourceTree = "<group>"; };
		3EC71C9F2830F5BC00B1DFFF /* TransVidForma.entitlements */ = {isa = PBXFileReference; lastKnownFileType = text.plist.entitlements; path = TransVidForma.entitlements; sourceTree = "<group>"; };
		3EDC73D72826451200D5673E /* MainViewModel.swift */ = {isa = PBXFileReference; lastKnownFileType = sourcecode.swift; path = MainViewModel.swift; sourceTree = "<group>"; };
		3EDC73DB28267E9600D5673E /* FormatBoxModel.swift */ = {isa = PBXFileReference; lastKnownFileType = sourcecode.swift; path = FormatBoxModel.swift; sourceTree = "<group>"; };
		3EDC73DD28267FAA00D5673E /* ContainerFormat.swift */ = {isa = PBXFileReference; lastKnownFileType = sourcecode.swift; path = ContainerFormat.swift; sourceTree = "<group>"; };
		3EDDC452282552BD00086041 /* AudioTracks.swift */ = {isa = PBXFileReference; lastKnownFileType = sourcecode.swift; path = AudioTracks.swift; sourceTree = "<group>"; };
		3EED6EED282115DE00DDFAEA /* TrimControlModel.swift */ = {isa = PBXFileReference; lastKnownFileType = sourcecode.swift; path = TrimControlModel.swift; sourceTree = "<group>"; };
		3EED6EF128211E3D00DDFAEA /* TrimButton.swift */ = {isa = PBXFileReference; lastKnownFileType = sourcecode.swift; path = TrimButton.swift; sourceTree = "<group>"; };
		3EEF90942823FEA200039BB1 /* MediaInfomationBoxModel.swift */ = {isa = PBXFileReference; lastKnownFileType = sourcecode.swift; path = MediaInfomationBoxModel.swift; sourceTree = "<group>"; };
		3EF84001282FCA6A00689AD6 /* TextFieldSlider.swift */ = {isa = PBXFileReference; lastKnownFileType = sourcecode.swift; path = TextFieldSlider.swift; sourceTree = "<group>"; };
		3EFBBC382812A72E00A0A05C /* TrimControl.swift */ = {isa = PBXFileReference; lastKnownFileType = sourcecode.swift; path = TrimControl.swift; sourceTree = "<group>"; };
		7B7E46B2E7CD406F2FD24104 /* Pods_TransVid_Forma.framework */ = {isa = PBXFileReference; explicitFileType = wrapper.framework; includeInIndex = 0; path = Pods_TransVid_Forma.framework; sourceTree = BUILT_PRODUCTS_DIR; };
		A388D1F287F920A14270FCEA /* Pods_TransVid_Forma_TransVid_FormaTests.framework */ = {isa = PBXFileReference; explicitFileType = wrapper.framework; includeInIndex = 0; path = Pods_TransVid_Forma_TransVid_FormaTests.framework; sourceTree = BUILT_PRODUCTS_DIR; };
		AEA4AB43D27760B052D85142 /* Pods-TransVid Forma-TransVid FormaTests.debug.xcconfig */ = {isa = PBXFileReference; includeInIndex = 1; lastKnownFileType = text.xcconfig; name = "Pods-TransVid Forma-TransVid FormaTests.debug.xcconfig"; path = "Target Support Files/Pods-TransVid Forma-TransVid FormaTests/Pods-TransVid Forma-TransVid FormaTests.debug.xcconfig"; sourceTree = "<group>"; };
		B1188021BB7AF7F1436FD85D /* Pods-TransVid FormaTests.release.xcconfig */ = {isa = PBXFileReference; includeInIndex = 1; lastKnownFileType = text.xcconfig; name = "Pods-TransVid FormaTests.release.xcconfig"; path = "Target Support Files/Pods-TransVid FormaTests/Pods-TransVid FormaTests.release.xcconfig"; sourceTree = "<group>"; };
		D2FD623AD79AD6979581AE4D /* Pods-TransVid Forma.debug.xcconfig */ = {isa = PBXFileReference; includeInIndex = 1; lastKnownFileType = text.xcconfig; name = "Pods-TransVid Forma.debug.xcconfig"; path = "Target Support Files/Pods-TransVid Forma/Pods-TransVid Forma.debug.xcconfig"; sourceTree = "<group>"; };
		E111AF9BB76B89EA887EA3C6 /* Pods-TransVid Forma-TransVid FormaUITests.debug.xcconfig */ = {isa = PBXFileReference; includeInIndex = 1; lastKnownFileType = text.xcconfig; name = "Pods-TransVid Forma-TransVid FormaUITests.debug.xcconfig"; path = "Target Support Files/Pods-TransVid Forma-TransVid FormaUITests/Pods-TransVid Forma-TransVid FormaUITests.debug.xcconfig"; sourceTree = "<group>"; };
		EE25CF9B4891D3ADBBBCA27E /* Pods-TransVid FormaTests.debug.xcconfig */ = {isa = PBXFileReference; includeInIndex = 1; lastKnownFileType = text.xcconfig; name = "Pods-TransVid FormaTests.debug.xcconfig"; path = "Target Support Files/Pods-TransVid FormaTests/Pods-TransVid FormaTests.debug.xcconfig"; sourceTree = "<group>"; };
/* End PBXFileReference section */

/* Begin PBXFrameworksBuildPhase section */
		3E5E558E280C760F000C5435 /* Frameworks */ = {
			isa = PBXFrameworksBuildPhase;
			buildActionMask = 2147483647;
			files = (
				B64C7D9F4F3386AB45BDFE4D /* Pods_TransVid_Forma.framework in Frameworks */,
			);
			runOnlyForDeploymentPostprocessing = 0;
		};
		3E5E559F280C7610000C5435 /* Frameworks */ = {
			isa = PBXFrameworksBuildPhase;
			buildActionMask = 2147483647;
			files = (
				4A707FFA427D34B334EEB281 /* Pods_TransVid_Forma_TransVid_FormaTests.framework in Frameworks */,
			);
			runOnlyForDeploymentPostprocessing = 0;
		};
		3E5E55A9280C7610000C5435 /* Frameworks */ = {
			isa = PBXFrameworksBuildPhase;
			buildActionMask = 2147483647;
			files = (
				93C1119E601C83E8622CC565 /* Pods_TransVid_Forma_TransVid_FormaUITests.framework in Frameworks */,
			);
			runOnlyForDeploymentPostprocessing = 0;
		};
/* End PBXFrameworksBuildPhase section */

/* Begin PBXGroup section */
		3E08DF582838E4650065B53E /* TransVidFormaTests */ = {
			isa = PBXGroup;
			children = (
				3EA2B7EF283A8AF500AC3C9E /* Mocked */,
				3EA2B7E9283A41A400AC3C9E /* Helpers */,
				3E08DF5A2838E4F40065B53E /* MainWindowViewModelTests.swift */,
				3E08DF592838E4F30065B53E /* TransVid FormaTests-Bridging-Header.h */,
				3EA2B7E7283A417600AC3C9E /* MainViewModelTests.swift */,
			);
			path = TransVidFormaTests;
			sourceTree = "<group>";
		};
		3E1865622832D8510003016E /* SubClipView */ = {
			isa = PBXGroup;
			children = (
				3E1865632832D85F0003016E /* SubClipView.swift */,
			);
			path = SubClipView;
			sourceTree = "<group>";
		};
		3E226BBA2831394100067778 /* ClipView */ = {
			isa = PBXGroup;
			children = (
				3E1865622832D8510003016E /* SubClipView */,
				3E226BBB2831395200067778 /* ClipView.swift */,
				3E18655C283252640003016E /* ClipViewModel.swift */,
			);
			path = ClipView;
			sourceTree = "<group>";
		};
		3E5E5588280C760F000C5435 = {
			isa = PBXGroup;
			children = (
				3E08DF582838E4650065B53E /* TransVidFormaTests */,
				3E5E5593280C760F000C5435 /* TransVidForma */,
				3E5E5592280C760F000C5435 /* Products */,
				7436038F57912ABBED71E86F /* Pods */,
				3FBDBFB086E7878A69A78739 /* Frameworks */,
			);
			sourceTree = "<group>";
		};
		3E5E5592280C760F000C5435 /* Products */ = {
			isa = PBXGroup;
			children = (
				3E5E5591280C760F000C5435 /* TransVid Forma.app */,
				3E5E55A2280C7610000C5435 /* TransVid FormaTests.xctest */,
				3E5E55AC280C7610000C5435 /* TransVid FormaUITests.xctest */,
			);
			name = Products;
			sourceTree = "<group>";
		};
		3E5E5593280C760F000C5435 /* TransVidForma */ = {
			isa = PBXGroup;
			children = (
				3EC71C9F2830F5BC00B1DFFF /* TransVidForma.entitlements */,
				3E73FD2D28204CD500143803 /* Extensions */,
				3E73FD24281DA18B00143803 /* FFmpegComponents */,
				3EA1E83E2819A6C600CCCA5F /* VLCComponents */,
				3EA1E83B2818558F00CCCA5F /* ViewComponents */,
				3E5E5594280C760F000C5435 /* AppDelegate.swift */,
				3E02AF9B2818089B00BE6FE4 /* Assets.xcassets */,
				3E5E559A280C7610000C5435 /* Main.storyboard */,
				3EA46AB52836885C00B0819E /* Localizable.strings */,
			);
			path = TransVidForma;
			sourceTree = "<group>";
		};
		3E73FD24281DA18B00143803 /* FFmpegComponents */ = {
			isa = PBXGroup;
			children = (
				3E73FD25281DA1AD00143803 /* FFprobe+Extensions.swift */,
				3E73FD27281DAF2000143803 /* MediaResolution.swift */,
				3EDDC452282552BD00086041 /* AudioTracks.swift */,
				3E03869028280E7000A429F8 /* UnitStorage.swift */,
				3EAEBDC1282B59BD004BA81C /* FFmpegArgumentsBuilder.swift */,
				3EAEBDC5282BF7FF004BA81C /* FFmpeg+Extensions.swift */,
				3EB87DA82837904500FD0ED1 /* Subtitle.swift */,
			);
			path = FFmpegComponents;
			sourceTree = "<group>";
		};
		3E73FD2D28204CD500143803 /* Extensions */ = {
			isa = PBXGroup;
			children = (
				3E73FD2E28204CE900143803 /* String+Extensions.swift */,
				3E73FD3028204D1300143803 /* TimeInvertal+Extensions.swift */,
				3E73FD362820CF4100143803 /* Comparable+Extensions.swift */,
				3E03868A2827C64100A429F8 /* Rx+Extensions.swift */,
				3E18655A283240620003016E /* ClosedRange+Extensions.swift */,
			);
			path = Extensions;
			sourceTree = "<group>";
		};
		3EA1E83B2818558F00CCCA5F /* ViewComponents */ = {
			isa = PBXGroup;
			children = (
				3E226BBA2831394100067778 /* ClipView */,
				3EDC73DA28267E7300D5673E /* FormatBox */,
				3EDC73D928264C7800D5673E /* MainView */,
				3EEF90982824FBFA00039BB1 /* ViewHelpers */,
				3EEF90932823FE8F00039BB1 /* MediaInfomationBox */,
				3EEF90972824396100039BB1 /* ControlPanel */,
				3EED6EF32821377900DDFAEA /* TrimView */,
			);
			path = ViewComponents;
			sourceTree = "<group>";
		};
		3EA1E83E2819A6C600CCCA5F /* VLCComponents */ = {
			isa = PBXGroup;
			children = (
				3EA1E847281AD56500CCCA5F /* MediaPlayerDelegator.swift */,
				3EA2B7EC283A4A1600AC3C9E /* MediaPlayer.swift */,
			);
			path = VLCComponents;
			sourceTree = "<group>";
		};
		3EA2B7E9283A41A400AC3C9E /* Helpers */ = {
			isa = PBXGroup;
			children = (
				3EA2B7EA283A41CC00AC3C9E /* RxTestCase.swift */,
			);
			path = Helpers;
			sourceTree = "<group>";
		};
		3EA2B7EF283A8AF500AC3C9E /* Mocked */ = {
			isa = PBXGroup;
			children = (
				3EA2B7F0283A8B0F00AC3C9E /* MockMediaPlayer.swift */,
				3EA2B7F5283A8E0F00AC3C9E /* MockOpenPanel.swift */,
			);
			path = Mocked;
			sourceTree = "<group>";
		};
		3EDC73D928264C7800D5673E /* MainView */ = {
			isa = PBXGroup;
			children = (
				3E5E5596280C760F000C5435 /* MainViewController.swift */,
				3EDC73D72826451200D5673E /* MainViewModel.swift */,
				3E08DF4C2838BC8A0065B53E /* MainWindowViewController.swift */,
				3E08DF4E2838C3B20065B53E /* MainWindowViewModel.swift */,
			);
			path = MainView;
			sourceTree = "<group>";
		};
		3EDC73DA28267E7300D5673E /* FormatBox */ = {
			isa = PBXGroup;
			children = (
				3E73FD2928200C7700143803 /* FormatBox.swift */,
				3EDC73DB28267E9600D5673E /* FormatBoxModel.swift */,
				3EDC73DD28267FAA00D5673E /* ContainerFormat.swift */,
			);
			path = FormatBox;
			sourceTree = "<group>";
		};
		3EED6EF32821377900DDFAEA /* TrimView */ = {
			isa = PBXGroup;
			children = (
				3EED6EF128211E3D00DDFAEA /* TrimButton.swift */,
				3EFBBC382812A72E00A0A05C /* TrimControl.swift */,
				3EED6EED282115DE00DDFAEA /* TrimControlModel.swift */,
			);
			path = TrimView;
			sourceTree = "<group>";
		};
		3EEF90932823FE8F00039BB1 /* MediaInfomationBox */ = {
			isa = PBXGroup;
			children = (
				3EA1E845281AD19100CCCA5F /* MediaInfomationBox.swift */,
				3EEF90942823FEA200039BB1 /* MediaInfomationBoxModel.swift */,
			);
			path = MediaInfomationBox;
			sourceTree = "<group>";
		};
		3EEF90972824396100039BB1 /* ControlPanel */ = {
			isa = PBXGroup;
			children = (
				3E02AF99281704D000BE6FE4 /* ControlPanel.swift */,
				3E73FD322820C9BE00143803 /* ControlPanelViewModel.swift */,
			);
			path = ControlPanel;
			sourceTree = "<group>";
		};
		3EEF90982824FBFA00039BB1 /* ViewHelpers */ = {
			isa = PBXGroup;
			children = (
				3E80634428150264005B9B3C /* Extensions.swift */,
				3EA1E83C281855E400CCCA5F /* ImageButton.swift */,
				3E73FD2B28200CCC00143803 /* NSPopUpButton+Rx.swift */,
				3E03868C2827C6F000A429F8 /* NSTextField+Rx.swift */,
				3EAEBDBD282AF9B1004BA81C /* ProgressButton.swift */,
				3EF84001282FCA6A00689AD6 /* TextFieldSlider.swift */,
				3E1865602832915B0003016E /* DraggableStackView.swift */,
				3EA46AA0283611FB00B0819E /* TextFieldCell.swift */,
				3EA2B7F2283A8CED00AC3C9E /* OpenPanel.swift */,
			);
			path = ViewHelpers;
			sourceTree = "<group>";
		};
		3FBDBFB086E7878A69A78739 /* Frameworks */ = {
			isa = PBXGroup;
			children = (
				7B7E46B2E7CD406F2FD24104 /* Pods_TransVid_Forma.framework */,
				02D7AD39F088D87E61BAEA5E /* Pods_TransVid_Forma_TransVid_FormaUITests.framework */,
				A388D1F287F920A14270FCEA /* Pods_TransVid_Forma_TransVid_FormaTests.framework */,
			);
			name = Frameworks;
			sourceTree = "<group>";
		};
		7436038F57912ABBED71E86F /* Pods */ = {
			isa = PBXGroup;
			children = (
				D2FD623AD79AD6979581AE4D /* Pods-TransVid Forma.debug.xcconfig */,
				0A7A4963D9600CCAFA818F68 /* Pods-TransVid Forma.release.xcconfig */,
				E111AF9BB76B89EA887EA3C6 /* Pods-TransVid Forma-TransVid FormaUITests.debug.xcconfig */,
				0B4A6C23E7222F6DFFD70263 /* Pods-TransVid Forma-TransVid FormaUITests.release.xcconfig */,
				EE25CF9B4891D3ADBBBCA27E /* Pods-TransVid FormaTests.debug.xcconfig */,
				B1188021BB7AF7F1436FD85D /* Pods-TransVid FormaTests.release.xcconfig */,
				AEA4AB43D27760B052D85142 /* Pods-TransVid Forma-TransVid FormaTests.debug.xcconfig */,
				207C16285A5FADEFE11F125D /* Pods-TransVid Forma-TransVid FormaTests.release.xcconfig */,
			);
			path = Pods;
			sourceTree = "<group>";
		};
/* End PBXGroup section */

/* Begin PBXNativeTarget section */
		3E5E5590280C760F000C5435 /* TransVid Forma */ = {
			isa = PBXNativeTarget;
			buildConfigurationList = 3E5E55B6280C7610000C5435 /* Build configuration list for PBXNativeTarget "TransVid Forma" */;
			buildPhases = (
				1028679F052061E669E04845 /* [CP] Check Pods Manifest.lock */,
				3E5E558D280C760F000C5435 /* Sources */,
				3E5E558E280C760F000C5435 /* Frameworks */,
				3E5E558F280C760F000C5435 /* Resources */,
				8C50EE8C5E005E58D7FE47E9 /* [CP] Embed Pods Frameworks */,
			);
			buildRules = (
			);
			dependencies = (
			);
			name = "TransVid Forma";
			productName = Transformat;
			productReference = 3E5E5591280C760F000C5435 /* TransVid Forma.app */;
			productType = "com.apple.product-type.application";
		};
		3E5E55A1280C7610000C5435 /* TransVid FormaTests */ = {
			isa = PBXNativeTarget;
			buildConfigurationList = 3E5E55B9280C7610000C5435 /* Build configuration list for PBXNativeTarget "TransVid FormaTests" */;
			buildPhases = (
				B90B6ED1A70DE100D4E7D84C /* [CP] Check Pods Manifest.lock */,
				3E5E559E280C7610000C5435 /* Sources */,
				3E5E559F280C7610000C5435 /* Frameworks */,
				3E5E55A0280C7610000C5435 /* Resources */,
				1224963078CD99556D65156A /* [CP] Embed Pods Frameworks */,
			);
			buildRules = (
			);
			dependencies = (
				3E5E55A4280C7610000C5435 /* PBXTargetDependency */,
			);
			name = "TransVid FormaTests";
			productName = TransformatTests;
			productReference = 3E5E55A2280C7610000C5435 /* TransVid FormaTests.xctest */;
			productType = "com.apple.product-type.bundle.unit-test";
		};
		3E5E55AB280C7610000C5435 /* TransVid FormaUITests */ = {
			isa = PBXNativeTarget;
			buildConfigurationList = 3E5E55BC280C7610000C5435 /* Build configuration list for PBXNativeTarget "TransVid FormaUITests" */;
			buildPhases = (
				07391AFE9137AE3312EFDF15 /* [CP] Check Pods Manifest.lock */,
				3E5E55A8280C7610000C5435 /* Sources */,
				3E5E55A9280C7610000C5435 /* Frameworks */,
				3E5E55AA280C7610000C5435 /* Resources */,
				74B9D1CCFF724BA9164C02C1 /* [CP] Embed Pods Frameworks */,
			);
			buildRules = (
			);
			dependencies = (
				3E5E55AE280C7610000C5435 /* PBXTargetDependency */,
			);
			name = "TransVid FormaUITests";
			productName = TransformatUITests;
			productReference = 3E5E55AC280C7610000C5435 /* TransVid FormaUITests.xctest */;
			productType = "com.apple.product-type.bundle.ui-testing";
		};
/* End PBXNativeTarget section */

/* Begin PBXProject section */
		3E5E5589280C760F000C5435 /* Project object */ = {
			isa = PBXProject;
			attributes = {
				BuildIndependentTargetsInParallel = 1;
				LastSwiftUpdateCheck = 1330;
				LastUpgradeCheck = 1330;
				ORGANIZATIONNAME = "Qiu Du";
				TargetAttributes = {
					3E5E5590280C760F000C5435 = {
						CreatedOnToolsVersion = 13.3.1;
					};
					3E5E55A1280C7610000C5435 = {
						CreatedOnToolsVersion = 13.3.1;
						LastSwiftMigration = 1340;
						TestTargetID = 3E5E5590280C760F000C5435;
					};
					3E5E55AB280C7610000C5435 = {
						CreatedOnToolsVersion = 13.3.1;
						TestTargetID = 3E5E5590280C760F000C5435;
					};
				};
			};
			buildConfigurationList = 3E5E558C280C760F000C5435 /* Build configuration list for PBXProject "TransVid Forma" */;
			compatibilityVersion = "Xcode 13.0";
			developmentRegion = en;
			hasScannedForEncodings = 0;
			knownRegions = (
				en,
				Base,
				"zh-Hans",
			);
			mainGroup = 3E5E5588280C760F000C5435;
			productRefGroup = 3E5E5592280C760F000C5435 /* Products */;
			projectDirPath = "";
			projectRoot = "";
			targets = (
				3E5E5590280C760F000C5435 /* TransVid Forma */,
				3E5E55A1280C7610000C5435 /* TransVid FormaTests */,
				3E5E55AB280C7610000C5435 /* TransVid FormaUITests */,
			);
		};
/* End PBXProject section */

/* Begin PBXResourcesBuildPhase section */
		3E5E558F280C760F000C5435 /* Resources */ = {
			isa = PBXResourcesBuildPhase;
			buildActionMask = 2147483647;
			files = (
				3E02AF9C2818089B00BE6FE4 /* Assets.xcassets in Resources */,
				3EA46AB32836885C00B0819E /* Localizable.strings in Resources */,
				3E5E559C280C7610000C5435 /* Main.storyboard in Resources */,
			);
			runOnlyForDeploymentPostprocessing = 0;
		};
		3E5E55A0280C7610000C5435 /* Resources */ = {
			isa = PBXResourcesBuildPhase;
			buildActionMask = 2147483647;
			files = (
			);
			runOnlyForDeploymentPostprocessing = 0;
		};
		3E5E55AA280C7610000C5435 /* Resources */ = {
			isa = PBXResourcesBuildPhase;
			buildActionMask = 2147483647;
			files = (
			);
			runOnlyForDeploymentPostprocessing = 0;
		};
/* End PBXResourcesBuildPhase section */

/* Begin PBXShellScriptBuildPhase section */
		07391AFE9137AE3312EFDF15 /* [CP] Check Pods Manifest.lock */ = {
			isa = PBXShellScriptBuildPhase;
			buildActionMask = 2147483647;
			files = (
			);
			inputFileListPaths = (
			);
			inputPaths = (
				"${PODS_PODFILE_DIR_PATH}/Podfile.lock",
				"${PODS_ROOT}/Manifest.lock",
			);
			name = "[CP] Check Pods Manifest.lock";
			outputFileListPaths = (
			);
			outputPaths = (
				"$(DERIVED_FILE_DIR)/Pods-TransVid Forma-TransVid FormaUITests-checkManifestLockResult.txt",
			);
			runOnlyForDeploymentPostprocessing = 0;
			shellPath = /bin/sh;
			shellScript = "diff \"${PODS_PODFILE_DIR_PATH}/Podfile.lock\" \"${PODS_ROOT}/Manifest.lock\" > /dev/null\nif [ $? != 0 ] ; then\n    # print error to STDERR\n    echo \"error: The sandbox is not in sync with the Podfile.lock. Run 'pod install' or update your CocoaPods installation.\" >&2\n    exit 1\nfi\n# This output is used by Xcode 'outputs' to avoid re-running this script phase.\necho \"SUCCESS\" > \"${SCRIPT_OUTPUT_FILE_0}\"\n";
			showEnvVarsInLog = 0;
		};
		1028679F052061E669E04845 /* [CP] Check Pods Manifest.lock */ = {
			isa = PBXShellScriptBuildPhase;
			buildActionMask = 2147483647;
			files = (
			);
			inputFileListPaths = (
			);
			inputPaths = (
				"${PODS_PODFILE_DIR_PATH}/Podfile.lock",
				"${PODS_ROOT}/Manifest.lock",
			);
			name = "[CP] Check Pods Manifest.lock";
			outputFileListPaths = (
			);
			outputPaths = (
				"$(DERIVED_FILE_DIR)/Pods-TransVid Forma-checkManifestLockResult.txt",
			);
			runOnlyForDeploymentPostprocessing = 0;
			shellPath = /bin/sh;
			shellScript = "diff \"${PODS_PODFILE_DIR_PATH}/Podfile.lock\" \"${PODS_ROOT}/Manifest.lock\" > /dev/null\nif [ $? != 0 ] ; then\n    # print error to STDERR\n    echo \"error: The sandbox is not in sync with the Podfile.lock. Run 'pod install' or update your CocoaPods installation.\" >&2\n    exit 1\nfi\n# This output is used by Xcode 'outputs' to avoid re-running this script phase.\necho \"SUCCESS\" > \"${SCRIPT_OUTPUT_FILE_0}\"\n";
			showEnvVarsInLog = 0;
		};
		1224963078CD99556D65156A /* [CP] Embed Pods Frameworks */ = {
			isa = PBXShellScriptBuildPhase;
			buildActionMask = 2147483647;
			files = (
			);
			inputFileListPaths = (
				"${PODS_ROOT}/Target Support Files/Pods-TransVid Forma-TransVid FormaTests/Pods-TransVid Forma-TransVid FormaTests-frameworks-${CONFIGURATION}-input-files.xcfilelist",
			);
			name = "[CP] Embed Pods Frameworks";
			outputFileListPaths = (
				"${PODS_ROOT}/Target Support Files/Pods-TransVid Forma-TransVid FormaTests/Pods-TransVid Forma-TransVid FormaTests-frameworks-${CONFIGURATION}-output-files.xcfilelist",
			);
			runOnlyForDeploymentPostprocessing = 0;
			shellPath = /bin/sh;
			shellScript = "\"${PODS_ROOT}/Target Support Files/Pods-TransVid Forma-TransVid FormaTests/Pods-TransVid Forma-TransVid FormaTests-frameworks.sh\"\n";
			showEnvVarsInLog = 0;
		};
		74B9D1CCFF724BA9164C02C1 /* [CP] Embed Pods Frameworks */ = {
			isa = PBXShellScriptBuildPhase;
			buildActionMask = 2147483647;
			files = (
			);
			inputFileListPaths = (
				"${PODS_ROOT}/Target Support Files/Pods-TransVid Forma-TransVid FormaUITests/Pods-TransVid Forma-TransVid FormaUITests-frameworks-${CONFIGURATION}-input-files.xcfilelist",
			);
			name = "[CP] Embed Pods Frameworks";
			outputFileListPaths = (
				"${PODS_ROOT}/Target Support Files/Pods-TransVid Forma-TransVid FormaUITests/Pods-TransVid Forma-TransVid FormaUITests-frameworks-${CONFIGURATION}-output-files.xcfilelist",
			);
			runOnlyForDeploymentPostprocessing = 0;
			shellPath = /bin/sh;
			shellScript = "\"${PODS_ROOT}/Target Support Files/Pods-TransVid Forma-TransVid FormaUITests/Pods-TransVid Forma-TransVid FormaUITests-frameworks.sh\"\n";
			showEnvVarsInLog = 0;
		};
		8C50EE8C5E005E58D7FE47E9 /* [CP] Embed Pods Frameworks */ = {
			isa = PBXShellScriptBuildPhase;
			buildActionMask = 2147483647;
			files = (
			);
			inputFileListPaths = (
				"${PODS_ROOT}/Target Support Files/Pods-TransVid Forma/Pods-TransVid Forma-frameworks-${CONFIGURATION}-input-files.xcfilelist",
			);
			name = "[CP] Embed Pods Frameworks";
			outputFileListPaths = (
				"${PODS_ROOT}/Target Support Files/Pods-TransVid Forma/Pods-TransVid Forma-frameworks-${CONFIGURATION}-output-files.xcfilelist",
			);
			runOnlyForDeploymentPostprocessing = 0;
			shellPath = /bin/sh;
			shellScript = "\"${PODS_ROOT}/Target Support Files/Pods-TransVid Forma/Pods-TransVid Forma-frameworks.sh\"\n";
			showEnvVarsInLog = 0;
		};
		B90B6ED1A70DE100D4E7D84C /* [CP] Check Pods Manifest.lock */ = {
			isa = PBXShellScriptBuildPhase;
			buildActionMask = 2147483647;
			files = (
			);
			inputFileListPaths = (
			);
			inputPaths = (
				"${PODS_PODFILE_DIR_PATH}/Podfile.lock",
				"${PODS_ROOT}/Manifest.lock",
			);
			name = "[CP] Check Pods Manifest.lock";
			outputFileListPaths = (
			);
			outputPaths = (
				"$(DERIVED_FILE_DIR)/Pods-TransVid Forma-TransVid FormaTests-checkManifestLockResult.txt",
			);
			runOnlyForDeploymentPostprocessing = 0;
			shellPath = /bin/sh;
			shellScript = "diff \"${PODS_PODFILE_DIR_PATH}/Podfile.lock\" \"${PODS_ROOT}/Manifest.lock\" > /dev/null\nif [ $? != 0 ] ; then\n    # print error to STDERR\n    echo \"error: The sandbox is not in sync with the Podfile.lock. Run 'pod install' or update your CocoaPods installation.\" >&2\n    exit 1\nfi\n# This output is used by Xcode 'outputs' to avoid re-running this script phase.\necho \"SUCCESS\" > \"${SCRIPT_OUTPUT_FILE_0}\"\n";
			showEnvVarsInLog = 0;
		};
/* End PBXShellScriptBuildPhase section */

/* Begin PBXSourcesBuildPhase section */
		3E5E558D280C760F000C5435 /* Sources */ = {
			isa = PBXSourcesBuildPhase;
			buildActionMask = 2147483647;
			files = (
				3E08DF4F2838C3B20065B53E /* MainWindowViewModel.swift in Sources */,
				3E73FD28281DAF2000143803 /* MediaResolution.swift in Sources */,
				3EA1E848281AD56500CCCA5F /* MediaPlayerDelegator.swift in Sources */,
				3E73FD2A28200C7700143803 /* FormatBox.swift in Sources */,
				3E03868B2827C64100A429F8 /* Rx+Extensions.swift in Sources */,
				3EED6EF228211E3D00DDFAEA /* TrimButton.swift in Sources */,
				3EDC73DE28267FAA00D5673E /* ContainerFormat.swift in Sources */,
				3E02AF9A281704D000BE6FE4 /* ControlPanel.swift in Sources */,
				3E08DF4D2838BC8A0065B53E /* MainWindowViewController.swift in Sources */,
				3EA2B7EE283A4A5800AC3C9E /* MediaPlayer.swift in Sources */,
				3E03869128280E7000A429F8 /* UnitStorage.swift in Sources */,
				3E1865642832D85F0003016E /* SubClipView.swift in Sources */,
				3EDDC453282552BD00086041 /* AudioTracks.swift in Sources */,
				3E226BBC2831395200067778 /* ClipView.swift in Sources */,
				3E73FD2F28204CE900143803 /* String+Extensions.swift in Sources */,
				3E5E5597280C760F000C5435 /* MainViewController.swift in Sources */,
				3E73FD2C28200CCC00143803 /* NSPopUpButton+Rx.swift in Sources */,
				3E80634528150264005B9B3C /* Extensions.swift in Sources */,
				3EB87DA92837904500FD0ED1 /* Subtitle.swift in Sources */,
				3EDC73DC28267E9600D5673E /* FormatBoxModel.swift in Sources */,
				3EAEBDBE282AF9B1004BA81C /* ProgressButton.swift in Sources */,
				3EFBBC392812A72E00A0A05C /* TrimControl.swift in Sources */,
				3E1865612832915B0003016E /* DraggableStackView.swift in Sources */,
				3E5E5595280C760F000C5435 /* AppDelegate.swift in Sources */,
				3E73FD26281DA1AD00143803 /* FFprobe+Extensions.swift in Sources */,
				3EA1E846281AD19100CCCA5F /* MediaInfomationBox.swift in Sources */,
				3EDC73D82826451200D5673E /* MainViewModel.swift in Sources */,
				3EA46AA1283611FB00B0819E /* TextFieldCell.swift in Sources */,
				3E73FD3128204D1300143803 /* TimeInvertal+Extensions.swift in Sources */,
				3EAEBDC2282B59BD004BA81C /* FFmpegArgumentsBuilder.swift in Sources */,
				3EED6EEE282115DE00DDFAEA /* TrimControlModel.swift in Sources */,
				3E03868D2827C6F000A429F8 /* NSTextField+Rx.swift in Sources */,
				3E18655B283240620003016E /* ClosedRange+Extensions.swift in Sources */,
				3EAEBDC6282BF7FF004BA81C /* FFmpeg+Extensions.swift in Sources */,
				3EA2B7F4283A8D2F00AC3C9E /* OpenPanel.swift in Sources */,
				3E73FD372820CF4100143803 /* Comparable+Extensions.swift in Sources */,
				3E18655D283252640003016E /* ClipViewModel.swift in Sources */,
				3EF84002282FCA6A00689AD6 /* TextFieldSlider.swift in Sources */,
				3E73FD332820C9BE00143803 /* ControlPanelViewModel.swift in Sources */,
				3EEF90952823FEA200039BB1 /* MediaInfomationBoxModel.swift in Sources */,
				3EA1E83D281855E400CCCA5F /* ImageButton.swift in Sources */,
			);
			runOnlyForDeploymentPostprocessing = 0;
		};
		3E5E559E280C7610000C5435 /* Sources */ = {
			isa = PBXSourcesBuildPhase;
			buildActionMask = 2147483647;
			files = (
				3E08DF5B2838E4F40065B53E /* MainWindowViewModelTests.swift in Sources */,
				3EA2B7E8283A417600AC3C9E /* MainViewModelTests.swift in Sources */,
				3EA2B7EB283A41CC00AC3C9E /* RxTestCase.swift in Sources */,
				3EA2B7F1283A8B0F00AC3C9E /* MockMediaPlayer.swift in Sources */,
				3EA2B7F6283A8E0F00AC3C9E /* MockOpenPanel.swift in Sources */,
			);
			runOnlyForDeploymentPostprocessing = 0;
		};
		3E5E55A8280C7610000C5435 /* Sources */ = {
			isa = PBXSourcesBuildPhase;
			buildActionMask = 2147483647;
			files = (
			);
			runOnlyForDeploymentPostprocessing = 0;
		};
/* End PBXSourcesBuildPhase section */

/* Begin PBXTargetDependency section */
		3E5E55A4280C7610000C5435 /* PBXTargetDependency */ = {
			isa = PBXTargetDependency;
			target = 3E5E5590280C760F000C5435 /* TransVid Forma */;
			targetProxy = 3E5E55A3280C7610000C5435 /* PBXContainerItemProxy */;
		};
		3E5E55AE280C7610000C5435 /* PBXTargetDependency */ = {
			isa = PBXTargetDependency;
			target = 3E5E5590280C760F000C5435 /* TransVid Forma */;
			targetProxy = 3E5E55AD280C7610000C5435 /* PBXContainerItemProxy */;
		};
/* End PBXTargetDependency section */

/* Begin PBXVariantGroup section */
		3E5E559A280C7610000C5435 /* Main.storyboard */ = {
			isa = PBXVariantGroup;
			children = (
				3E5E559B280C7610000C5435 /* Base */,
				3EA46AA2283685A400B0819E /* zh-Hans */,
			);
			name = Main.storyboard;
			sourceTree = "<group>";
		};
		3EA46AB52836885C00B0819E /* Localizable.strings */ = {
			isa = PBXVariantGroup;
			children = (
				3EA46AB82836888000B0819E /* zh-Hans */,
			);
			name = Localizable.strings;
			sourceTree = "<group>";
		};
/* End PBXVariantGroup section */

/* Begin XCBuildConfiguration section */
		3E5E55B4280C7610000C5435 /* Debug */ = {
			isa = XCBuildConfiguration;
			buildSettings = {
				ALWAYS_SEARCH_USER_PATHS = NO;
				CLANG_ANALYZER_LOCALIZABILITY_NONLOCALIZED = YES;
				CLANG_ANALYZER_NONNULL = YES;
				CLANG_ANALYZER_NUMBER_OBJECT_CONVERSION = YES_AGGRESSIVE;
				CLANG_CXX_LANGUAGE_STANDARD = "gnu++17";
				CLANG_ENABLE_MODULES = YES;
				CLANG_ENABLE_OBJC_ARC = YES;
				CLANG_ENABLE_OBJC_WEAK = YES;
				CLANG_WARN_BLOCK_CAPTURE_AUTORELEASING = YES;
				CLANG_WARN_BOOL_CONVERSION = YES;
				CLANG_WARN_COMMA = YES;
				CLANG_WARN_CONSTANT_CONVERSION = YES;
				CLANG_WARN_DEPRECATED_OBJC_IMPLEMENTATIONS = YES;
				CLANG_WARN_DIRECT_OBJC_ISA_USAGE = YES_ERROR;
				CLANG_WARN_DOCUMENTATION_COMMENTS = YES;
				CLANG_WARN_EMPTY_BODY = YES;
				CLANG_WARN_ENUM_CONVERSION = YES;
				CLANG_WARN_INFINITE_RECURSION = YES;
				CLANG_WARN_INT_CONVERSION = YES;
				CLANG_WARN_NON_LITERAL_NULL_CONVERSION = YES;
				CLANG_WARN_OBJC_IMPLICIT_RETAIN_SELF = YES;
				CLANG_WARN_OBJC_LITERAL_CONVERSION = YES;
				CLANG_WARN_OBJC_ROOT_CLASS = YES_ERROR;
				CLANG_WARN_QUOTED_INCLUDE_IN_FRAMEWORK_HEADER = YES;
				CLANG_WARN_RANGE_LOOP_ANALYSIS = YES;
				CLANG_WARN_STRICT_PROTOTYPES = YES;
				CLANG_WARN_SUSPICIOUS_MOVE = YES;
				CLANG_WARN_UNGUARDED_AVAILABILITY = YES_AGGRESSIVE;
				CLANG_WARN_UNREACHABLE_CODE = YES;
				CLANG_WARN__DUPLICATE_METHOD_MATCH = YES;
				COPY_PHASE_STRIP = NO;
				DEBUG_INFORMATION_FORMAT = dwarf;
				ENABLE_STRICT_OBJC_MSGSEND = YES;
				ENABLE_TESTABILITY = YES;
				GCC_C_LANGUAGE_STANDARD = gnu11;
				GCC_DYNAMIC_NO_PIC = NO;
				GCC_NO_COMMON_BLOCKS = YES;
				GCC_OPTIMIZATION_LEVEL = 0;
				GCC_PREPROCESSOR_DEFINITIONS = (
					"DEBUG=1",
					"$(inherited)",
				);
				GCC_WARN_64_TO_32_BIT_CONVERSION = YES;
				GCC_WARN_ABOUT_RETURN_TYPE = YES_ERROR;
				GCC_WARN_UNDECLARED_SELECTOR = YES;
				GCC_WARN_UNINITIALIZED_AUTOS = YES_AGGRESSIVE;
				GCC_WARN_UNUSED_FUNCTION = YES;
				GCC_WARN_UNUSED_VARIABLE = YES;
				INFOPLIST_KEY_LSApplicationCategoryType = "";
				INFOPLIST_PREPROCESS = NO;
				MACOSX_DEPLOYMENT_TARGET = 10.12;
				MTL_ENABLE_DEBUG_INFO = INCLUDE_SOURCE;
				MTL_FAST_MATH = YES;
				ONLY_ACTIVE_ARCH = YES;
				PRODUCT_BUNDLE_IDENTIFIER = "";
				SDKROOT = macosx;
				STRINGS_FILE_INFOPLIST_RENAME = YES;
				SWIFT_ACTIVE_COMPILATION_CONDITIONS = DEBUG;
				SWIFT_OPTIMIZATION_LEVEL = "-Onone";
			};
			name = Debug;
		};
		3E5E55B5280C7610000C5435 /* Release */ = {
			isa = XCBuildConfiguration;
			buildSettings = {
				ALWAYS_SEARCH_USER_PATHS = NO;
				CLANG_ANALYZER_LOCALIZABILITY_NONLOCALIZED = YES;
				CLANG_ANALYZER_NONNULL = YES;
				CLANG_ANALYZER_NUMBER_OBJECT_CONVERSION = YES_AGGRESSIVE;
				CLANG_CXX_LANGUAGE_STANDARD = "gnu++17";
				CLANG_ENABLE_MODULES = YES;
				CLANG_ENABLE_OBJC_ARC = YES;
				CLANG_ENABLE_OBJC_WEAK = YES;
				CLANG_WARN_BLOCK_CAPTURE_AUTORELEASING = YES;
				CLANG_WARN_BOOL_CONVERSION = YES;
				CLANG_WARN_COMMA = YES;
				CLANG_WARN_CONSTANT_CONVERSION = YES;
				CLANG_WARN_DEPRECATED_OBJC_IMPLEMENTATIONS = YES;
				CLANG_WARN_DIRECT_OBJC_ISA_USAGE = YES_ERROR;
				CLANG_WARN_DOCUMENTATION_COMMENTS = YES;
				CLANG_WARN_EMPTY_BODY = YES;
				CLANG_WARN_ENUM_CONVERSION = YES;
				CLANG_WARN_INFINITE_RECURSION = YES;
				CLANG_WARN_INT_CONVERSION = YES;
				CLANG_WARN_NON_LITERAL_NULL_CONVERSION = YES;
				CLANG_WARN_OBJC_IMPLICIT_RETAIN_SELF = YES;
				CLANG_WARN_OBJC_LITERAL_CONVERSION = YES;
				CLANG_WARN_OBJC_ROOT_CLASS = YES_ERROR;
				CLANG_WARN_QUOTED_INCLUDE_IN_FRAMEWORK_HEADER = YES;
				CLANG_WARN_RANGE_LOOP_ANALYSIS = YES;
				CLANG_WARN_STRICT_PROTOTYPES = YES;
				CLANG_WARN_SUSPICIOUS_MOVE = YES;
				CLANG_WARN_UNGUARDED_AVAILABILITY = YES_AGGRESSIVE;
				CLANG_WARN_UNREACHABLE_CODE = YES;
				CLANG_WARN__DUPLICATE_METHOD_MATCH = YES;
				COPY_PHASE_STRIP = NO;
				DEBUG_INFORMATION_FORMAT = "dwarf-with-dsym";
				ENABLE_NS_ASSERTIONS = NO;
				ENABLE_STRICT_OBJC_MSGSEND = YES;
				GCC_C_LANGUAGE_STANDARD = gnu11;
				GCC_NO_COMMON_BLOCKS = YES;
				GCC_WARN_64_TO_32_BIT_CONVERSION = YES;
				GCC_WARN_ABOUT_RETURN_TYPE = YES_ERROR;
				GCC_WARN_UNDECLARED_SELECTOR = YES;
				GCC_WARN_UNINITIALIZED_AUTOS = YES_AGGRESSIVE;
				GCC_WARN_UNUSED_FUNCTION = YES;
				GCC_WARN_UNUSED_VARIABLE = YES;
				INFOPLIST_KEY_LSApplicationCategoryType = "";
				INFOPLIST_PREPROCESS = NO;
				MACOSX_DEPLOYMENT_TARGET = 10.12;
				MTL_ENABLE_DEBUG_INFO = NO;
				MTL_FAST_MATH = YES;
				PRODUCT_BUNDLE_IDENTIFIER = "";
				SDKROOT = macosx;
				STRINGS_FILE_INFOPLIST_RENAME = YES;
				SWIFT_COMPILATION_MODE = wholemodule;
				SWIFT_OPTIMIZATION_LEVEL = "-O";
			};
			name = Release;
		};
		3E5E55B7280C7610000C5435 /* Debug */ = {
			isa = XCBuildConfiguration;
			baseConfigurationReference = D2FD623AD79AD6979581AE4D /* Pods-TransVid Forma.debug.xcconfig */;
			buildSettings = {
				ASSETCATALOG_COMPILER_APPICON_NAME = AppIcon;
				ASSETCATALOG_COMPILER_GLOBAL_ACCENT_COLOR_NAME = AccentColor;
				CODE_SIGN_ENTITLEMENTS = TransVidForma/TransVidForma.entitlements;
				CODE_SIGN_IDENTITY = "Apple Development";
				CODE_SIGN_STYLE = Automatic;
				COMBINE_HIDPI_IMAGES = YES;
				CURRENT_PROJECT_VERSION = 1;
				DEVELOPMENT_TEAM = P45J34CJYG;
				ENABLE_HARDENED_RUNTIME = YES;
				GENERATE_INFOPLIST_FILE = YES;
				INFOPLIST_KEY_LSApplicationCategoryType = "public.app-category.utilities";
				INFOPLIST_KEY_NSHumanReadableCopyright = "";
				INFOPLIST_KEY_NSMainStoryboardFile = Main;
				INFOPLIST_KEY_NSPrincipalClass = NSApplication;
				LD_RUNPATH_SEARCH_PATHS = (
					"$(inherited)",
					"@executable_path/../Frameworks",
				);
				MACOSX_DEPLOYMENT_TARGET = 10.15;
				MARKETING_VERSION = 1.0;
				PRODUCT_BUNDLE_IDENTIFIER = com.lyledu.TransVidForma;
				PRODUCT_NAME = "$(TARGET_NAME)";
				PROVISIONING_PROFILE_SPECIFIER = "";
				SWIFT_EMIT_LOC_STRINGS = YES;
				SWIFT_VERSION = 5.0;
			};
			name = Debug;
		};
		3E5E55B8280C7610000C5435 /* Release */ = {
			isa = XCBuildConfiguration;
			baseConfigurationReference = 0A7A4963D9600CCAFA818F68 /* Pods-TransVid Forma.release.xcconfig */;
			buildSettings = {
				ASSETCATALOG_COMPILER_APPICON_NAME = AppIcon;
				ASSETCATALOG_COMPILER_GLOBAL_ACCENT_COLOR_NAME = AccentColor;
				CODE_SIGN_ENTITLEMENTS = TransVidForma/TransVidForma.entitlements;
				CODE_SIGN_IDENTITY = "Apple Development";
				CODE_SIGN_STYLE = Automatic;
				COMBINE_HIDPI_IMAGES = YES;
				CURRENT_PROJECT_VERSION = 1;
				DEVELOPMENT_TEAM = P45J34CJYG;
				ENABLE_HARDENED_RUNTIME = YES;
				GENERATE_INFOPLIST_FILE = YES;
				INFOPLIST_KEY_LSApplicationCategoryType = "public.app-category.utilities";
				INFOPLIST_KEY_NSHumanReadableCopyright = "";
				INFOPLIST_KEY_NSMainStoryboardFile = Main;
				INFOPLIST_KEY_NSPrincipalClass = NSApplication;
				LD_RUNPATH_SEARCH_PATHS = (
					"$(inherited)",
					"@executable_path/../Frameworks",
				);
				MACOSX_DEPLOYMENT_TARGET = 10.15;
				MARKETING_VERSION = 1.0;
				PRODUCT_BUNDLE_IDENTIFIER = com.lyledu.TransVidForma;
				PRODUCT_NAME = "$(TARGET_NAME)";
				PROVISIONING_PROFILE_SPECIFIER = "";
				SWIFT_EMIT_LOC_STRINGS = YES;
				SWIFT_VERSION = 5.0;
			};
			name = Release;
		};
		3E5E55BA280C7610000C5435 /* Debug */ = {
			isa = XCBuildConfiguration;
			baseConfigurationReference = AEA4AB43D27760B052D85142 /* Pods-TransVid Forma-TransVid FormaTests.debug.xcconfig */;
			buildSettings = {
				BUNDLE_LOADER = "$(TEST_HOST)";
				CLANG_ENABLE_MODULES = YES;
				CODE_SIGN_STYLE = Automatic;
				CURRENT_PROJECT_VERSION = 1;
				DEVELOPMENT_TEAM = P45J34CJYG;
				GENERATE_INFOPLIST_FILE = YES;
				LD_RUNPATH_SEARCH_PATHS = (
					"$(inherited)",
					"@executable_path/../Frameworks",
					"@loader_path/../Frameworks",
				);
				MACOSX_DEPLOYMENT_TARGET = 12.3;
				MARKETING_VERSION = 1.0;
				PRODUCT_BUNDLE_IDENTIFIER = com.lyledu.TransformatTests;
				PRODUCT_NAME = "$(TARGET_NAME)";
				SWIFT_EMIT_LOC_STRINGS = NO;
				SWIFT_OBJC_BRIDGING_HEADER = "TransVidFormaTests/TransVid FormaTests-Bridging-Header.h";
				SWIFT_OPTIMIZATION_LEVEL = "-Onone";
				SWIFT_VERSION = 5.0;
				TEST_HOST = "$(BUILT_PRODUCTS_DIR)/TransVid Forma.app/Contents/MacOS/TransVid Forma";
			};
			name = Debug;
		};
		3E5E55BB280C7610000C5435 /* Release */ = {
			isa = XCBuildConfiguration;
			baseConfigurationReference = 207C16285A5FADEFE11F125D /* Pods-TransVid Forma-TransVid FormaTests.release.xcconfig */;
			buildSettings = {
				BUNDLE_LOADER = "$(TEST_HOST)";
				CLANG_ENABLE_MODULES = YES;
				CODE_SIGN_STYLE = Automatic;
				CURRENT_PROJECT_VERSION = 1;
				DEVELOPMENT_TEAM = P45J34CJYG;
				GENERATE_INFOPLIST_FILE = YES;
				LD_RUNPATH_SEARCH_PATHS = (
					"$(inherited)",
					"@executable_path/../Frameworks",
					"@loader_path/../Frameworks",
				);
				MACOSX_DEPLOYMENT_TARGET = 12.3;
				MARKETING_VERSION = 1.0;
				PRODUCT_BUNDLE_IDENTIFIER = com.lyledu.TransformatTests;
				PRODUCT_NAME = "$(TARGET_NAME)";
				SWIFT_EMIT_LOC_STRINGS = NO;
				SWIFT_OBJC_BRIDGING_HEADER = "TransVidFormaTests/TransVid FormaTests-Bridging-Header.h";
				SWIFT_VERSION = 5.0;
				TEST_HOST = "$(BUILT_PRODUCTS_DIR)/TransVid Forma.app/Contents/MacOS/TransVid Forma";
			};
			name = Release;
		};
		3E5E55BD280C7610000C5435 /* Debug */ = {
			isa = XCBuildConfiguration;
			baseConfigurationReference = E111AF9BB76B89EA887EA3C6 /* Pods-TransVid Forma-TransVid FormaUITests.debug.xcconfig */;
			buildSettings = {
				CODE_SIGN_STYLE = Automatic;
				CURRENT_PROJECT_VERSION = 1;
				DEVELOPMENT_TEAM = P45J34CJYG;
				GENERATE_INFOPLIST_FILE = YES;
				MARKETING_VERSION = 1.0;
				PRODUCT_BUNDLE_IDENTIFIER = com.lyledu.TransformatUITests;
				PRODUCT_NAME = "$(TARGET_NAME)";
				SWIFT_EMIT_LOC_STRINGS = NO;
				SWIFT_VERSION = 5.0;
				TEST_TARGET_NAME = Transformat;
			};
			name = Debug;
		};
		3E5E55BE280C7610000C5435 /* Release */ = {
			isa = XCBuildConfiguration;
			baseConfigurationReference = 0B4A6C23E7222F6DFFD70263 /* Pods-TransVid Forma-TransVid FormaUITests.release.xcconfig */;
			buildSettings = {
				CODE_SIGN_STYLE = Automatic;
				CURRENT_PROJECT_VERSION = 1;
				DEVELOPMENT_TEAM = P45J34CJYG;
				GENERATE_INFOPLIST_FILE = YES;
				MARKETING_VERSION = 1.0;
				PRODUCT_BUNDLE_IDENTIFIER = com.lyledu.TransformatUITests;
				PRODUCT_NAME = "$(TARGET_NAME)";
				SWIFT_EMIT_LOC_STRINGS = NO;
				SWIFT_VERSION = 5.0;
				TEST_TARGET_NAME = Transformat;
			};
			name = Release;
		};
/* End XCBuildConfiguration section */

/* Begin XCConfigurationList section */
		3E5E558C280C760F000C5435 /* Build configuration list for PBXProject "TransVid Forma" */ = {
			isa = XCConfigurationList;
			buildConfigurations = (
				3E5E55B4280C7610000C5435 /* Debug */,
				3E5E55B5280C7610000C5435 /* Release */,
			);
			defaultConfigurationIsVisible = 0;
			defaultConfigurationName = Release;
		};
		3E5E55B6280C7610000C5435 /* Build configuration list for PBXNativeTarget "TransVid Forma" */ = {
			isa = XCConfigurationList;
			buildConfigurations = (
				3E5E55B7280C7610000C5435 /* Debug */,
				3E5E55B8280C7610000C5435 /* Release */,
			);
			defaultConfigurationIsVisible = 0;
			defaultConfigurationName = Release;
		};
		3E5E55B9280C7610000C5435 /* Build configuration list for PBXNativeTarget "TransVid FormaTests" */ = {
			isa = XCConfigurationList;
			buildConfigurations = (
				3E5E55BA280C7610000C5435 /* Debug */,
				3E5E55BB280C7610000C5435 /* Release */,
			);
			defaultConfigurationIsVisible = 0;
			defaultConfigurationName = Release;
		};
		3E5E55BC280C7610000C5435 /* Build configuration list for PBXNativeTarget "TransVid FormaUITests" */ = {
			isa = XCConfigurationList;
			buildConfigurations = (
				3E5E55BD280C7610000C5435 /* Debug */,
				3E5E55BE280C7610000C5435 /* Release */,
			);
			defaultConfigurationIsVisible = 0;
			defaultConfigurationName = Release;
		};
/* End XCConfigurationList section */
	};
	rootObject = 3E5E5589280C760F000C5435 /* Project object */;
}
