// !$*UTF8*$!
{
	archiveVersion = 1;
	classes = {
	};
	objectVersion = 55;
	objects = {

/* Begin PBXBuildFile section */
		3E02AF9A281704D000BE6FE4 /* ControlPanel.swift in Sources */ = {isa = PBXBuildFile; fileRef = 3E02AF99281704D000BE6FE4 /* ControlPanel.swift */; };
		3E02AF9C2818089B00BE6FE4 /* Assets.xcassets in Resources */ = {isa = PBXBuildFile; fileRef = 3E02AF9B2818089B00BE6FE4 /* Assets.xcassets */; };
		3E03868B2827C64100A429F8 /* Rx+Extensions.swift in Sources */ = {isa = PBXBuildFile; fileRef = 3E03868A2827C64100A429F8 /* Rx+Extensions.swift */; };
		3E03868D2827C6F000A429F8 /* NSTextField+Rx.swift in Sources */ = {isa = PBXBuildFile; fileRef = 3E03868C2827C6F000A429F8 /* NSTextField+Rx.swift */; };
		3E03869128280E7000A429F8 /* UnitStorage.swift in Sources */ = {isa = PBXBuildFile; fileRef = 3E03869028280E7000A429F8 /* UnitStorage.swift */; };
		3E5E5595280C760F000C5435 /* AppDelegate.swift in Sources */ = {isa = PBXBuildFile; fileRef = 3E5E5594280C760F000C5435 /* AppDelegate.swift */; };
		3E5E5597280C760F000C5435 /* MainViewController.swift in Sources */ = {isa = PBXBuildFile; fileRef = 3E5E5596280C760F000C5435 /* MainViewController.swift */; };
		3E5E559C280C7610000C5435 /* Main.storyboard in Resources */ = {isa = PBXBuildFile; fileRef = 3E5E559A280C7610000C5435 /* Main.storyboard */; };
		3E5E55A7280C7610000C5435 /* TransformatTests.swift in Sources */ = {isa = PBXBuildFile; fileRef = 3E5E55A6280C7610000C5435 /* TransformatTests.swift */; };
		3E5E55B1280C7610000C5435 /* TransformatUITests.swift in Sources */ = {isa = PBXBuildFile; fileRef = 3E5E55B0280C7610000C5435 /* TransformatUITests.swift */; };
		3E5E55B3280C7610000C5435 /* TransformatUITestsLaunchTests.swift in Sources */ = {isa = PBXBuildFile; fileRef = 3E5E55B2280C7610000C5435 /* TransformatUITestsLaunchTests.swift */; };
		3E73FD26281DA1AD00143803 /* FFprobe+Extensions.swift in Sources */ = {isa = PBXBuildFile; fileRef = 3E73FD25281DA1AD00143803 /* FFprobe+Extensions.swift */; };
		3E73FD28281DAF2000143803 /* MediaResolution.swift in Sources */ = {isa = PBXBuildFile; fileRef = 3E73FD27281DAF2000143803 /* MediaResolution.swift */; };
		3E73FD2A28200C7700143803 /* FormatBox.swift in Sources */ = {isa = PBXBuildFile; fileRef = 3E73FD2928200C7700143803 /* FormatBox.swift */; };
		3E73FD2C28200CCC00143803 /* NSPopUpButton+Rx.swift in Sources */ = {isa = PBXBuildFile; fileRef = 3E73FD2B28200CCC00143803 /* NSPopUpButton+Rx.swift */; };
		3E73FD2F28204CE900143803 /* String+Extensions.swift in Sources */ = {isa = PBXBuildFile; fileRef = 3E73FD2E28204CE900143803 /* String+Extensions.swift */; };
		3E73FD3128204D1300143803 /* TimeInvertal+Extensions.swift in Sources */ = {isa = PBXBuildFile; fileRef = 3E73FD3028204D1300143803 /* TimeInvertal+Extensions.swift */; };
		3E73FD332820C9BE00143803 /* ControlPanelViewModel.swift in Sources */ = {isa = PBXBuildFile; fileRef = 3E73FD322820C9BE00143803 /* ControlPanelViewModel.swift */; };
		3E73FD372820CF4100143803 /* Comparable+Extensions.swift in Sources */ = {isa = PBXBuildFile; fileRef = 3E73FD362820CF4100143803 /* Comparable+Extensions.swift */; };
		3E80634528150264005B9B3C /* Extensions.swift in Sources */ = {isa = PBXBuildFile; fileRef = 3E80634428150264005B9B3C /* Extensions.swift */; };
		3EA1E83D281855E400CCCA5F /* ImageButton.swift in Sources */ = {isa = PBXBuildFile; fileRef = 3EA1E83C281855E400CCCA5F /* ImageButton.swift */; };
		3EA1E846281AD19100CCCA5F /* MediaInfomationBox.swift in Sources */ = {isa = PBXBuildFile; fileRef = 3EA1E845281AD19100CCCA5F /* MediaInfomationBox.swift */; };
		3EA1E848281AD56500CCCA5F /* MediaPlayerDelegator.swift in Sources */ = {isa = PBXBuildFile; fileRef = 3EA1E847281AD56500CCCA5F /* MediaPlayerDelegator.swift */; };
		3EAEBDBC282AB64B004BA81C /* ProgressView.swift in Sources */ = {isa = PBXBuildFile; fileRef = 3EAEBDBB282AB64B004BA81C /* ProgressView.swift */; };
		3EAEBDBE282AF9B1004BA81C /* ProgressButton.swift in Sources */ = {isa = PBXBuildFile; fileRef = 3EAEBDBD282AF9B1004BA81C /* ProgressButton.swift */; };
		3EAEBDC2282B59BD004BA81C /* FFmpegArgumentsBuilder.swift in Sources */ = {isa = PBXBuildFile; fileRef = 3EAEBDC1282B59BD004BA81C /* FFmpegArgumentsBuilder.swift */; };
		3EAEBDC6282BF7FF004BA81C /* FFmpeg+Extensions.swift in Sources */ = {isa = PBXBuildFile; fileRef = 3EAEBDC5282BF7FF004BA81C /* FFmpeg+Extensions.swift */; };
		3EDC73D82826451200D5673E /* MainViewModel.swift in Sources */ = {isa = PBXBuildFile; fileRef = 3EDC73D72826451200D5673E /* MainViewModel.swift */; };
		3EDC73DC28267E9600D5673E /* FormatBoxModel.swift in Sources */ = {isa = PBXBuildFile; fileRef = 3EDC73DB28267E9600D5673E /* FormatBoxModel.swift */; };
		3EDC73DE28267FAA00D5673E /* ContainerFormat.swift in Sources */ = {isa = PBXBuildFile; fileRef = 3EDC73DD28267FAA00D5673E /* ContainerFormat.swift */; };
		3EDDC453282552BD00086041 /* AudioTracks.swift in Sources */ = {isa = PBXBuildFile; fileRef = 3EDDC452282552BD00086041 /* AudioTracks.swift */; };
		3EED6EEE282115DE00DDFAEA /* TrimControlModel.swift in Sources */ = {isa = PBXBuildFile; fileRef = 3EED6EED282115DE00DDFAEA /* TrimControlModel.swift */; };
		3EED6EF228211E3D00DDFAEA /* TrimButton.swift in Sources */ = {isa = PBXBuildFile; fileRef = 3EED6EF128211E3D00DDFAEA /* TrimButton.swift */; };
		3EEF90952823FEA200039BB1 /* MediaInfomationBoxModel.swift in Sources */ = {isa = PBXBuildFile; fileRef = 3EEF90942823FEA200039BB1 /* MediaInfomationBoxModel.swift */; };
		3EFBBC392812A72E00A0A05C /* TrimControl.swift in Sources */ = {isa = PBXBuildFile; fileRef = 3EFBBC382812A72E00A0A05C /* TrimControl.swift */; };
		C328560C8C54865E78736815 /* Pods_Transformat.framework in Frameworks */ = {isa = PBXBuildFile; fileRef = 27A89AA9A1145CC1D6C84C55 /* Pods_Transformat.framework */; };
		C8137FAC295FAB210EBAF761 /* Pods_TransformatTests.framework in Frameworks */ = {isa = PBXBuildFile; fileRef = 729855B7D0274EE712EA0AC9 /* Pods_TransformatTests.framework */; };
		CFE40DC222D23D78627DC564 /* Pods_Transformat_TransformatUITests.framework in Frameworks */ = {isa = PBXBuildFile; fileRef = 300A52991ECA8DE96DA0271F /* Pods_Transformat_TransformatUITests.framework */; };
/* End PBXBuildFile section */

/* Begin PBXContainerItemProxy section */
		3E5E55A3280C7610000C5435 /* PBXContainerItemProxy */ = {
			isa = PBXContainerItemProxy;
			containerPortal = 3E5E5589280C760F000C5435 /* Project object */;
			proxyType = 1;
			remoteGlobalIDString = 3E5E5590280C760F000C5435;
			remoteInfo = Transformat;
		};
		3E5E55AD280C7610000C5435 /* PBXContainerItemProxy */ = {
			isa = PBXContainerItemProxy;
			containerPortal = 3E5E5589280C760F000C5435 /* Project object */;
			proxyType = 1;
			remoteGlobalIDString = 3E5E5590280C760F000C5435;
			remoteInfo = Transformat;
		};
/* End PBXContainerItemProxy section */

/* Begin PBXFileReference section */
		08C02F16D1F8940C8E854D26 /* Pods-Transformat-TransformatUITests.debug.xcconfig */ = {isa = PBXFileReference; includeInIndex = 1; lastKnownFileType = text.xcconfig; name = "Pods-Transformat-TransformatUITests.debug.xcconfig"; path = "Target Support Files/Pods-Transformat-TransformatUITests/Pods-Transformat-TransformatUITests.debug.xcconfig"; sourceTree = "<group>"; };
		27A89AA9A1145CC1D6C84C55 /* Pods_Transformat.framework */ = {isa = PBXFileReference; explicitFileType = wrapper.framework; includeInIndex = 0; path = Pods_Transformat.framework; sourceTree = BUILT_PRODUCTS_DIR; };
		300A52991ECA8DE96DA0271F /* Pods_Transformat_TransformatUITests.framework */ = {isa = PBXFileReference; explicitFileType = wrapper.framework; includeInIndex = 0; path = Pods_Transformat_TransformatUITests.framework; sourceTree = BUILT_PRODUCTS_DIR; };
		308EA28F49FE6053C09AAB58 /* Pods-Transformat-TransformatUITests.release.xcconfig */ = {isa = PBXFileReference; includeInIndex = 1; lastKnownFileType = text.xcconfig; name = "Pods-Transformat-TransformatUITests.release.xcconfig"; path = "Target Support Files/Pods-Transformat-TransformatUITests/Pods-Transformat-TransformatUITests.release.xcconfig"; sourceTree = "<group>"; };
		3CBE637FDD92C71D43192830 /* Pods-TransformatTests.release.xcconfig */ = {isa = PBXFileReference; includeInIndex = 1; lastKnownFileType = text.xcconfig; name = "Pods-TransformatTests.release.xcconfig"; path = "Target Support Files/Pods-TransformatTests/Pods-TransformatTests.release.xcconfig"; sourceTree = "<group>"; };
		3E02AF99281704D000BE6FE4 /* ControlPanel.swift */ = {isa = PBXFileReference; lastKnownFileType = sourcecode.swift; path = ControlPanel.swift; sourceTree = "<group>"; };
		3E02AF9B2818089B00BE6FE4 /* Assets.xcassets */ = {isa = PBXFileReference; lastKnownFileType = folder.assetcatalog; path = Assets.xcassets; sourceTree = "<group>"; };
		3E03868A2827C64100A429F8 /* Rx+Extensions.swift */ = {isa = PBXFileReference; lastKnownFileType = sourcecode.swift; path = "Rx+Extensions.swift"; sourceTree = "<group>"; };
		3E03868C2827C6F000A429F8 /* NSTextField+Rx.swift */ = {isa = PBXFileReference; lastKnownFileType = sourcecode.swift; path = "NSTextField+Rx.swift"; sourceTree = "<group>"; };
		3E03869028280E7000A429F8 /* UnitStorage.swift */ = {isa = PBXFileReference; lastKnownFileType = sourcecode.swift; path = UnitStorage.swift; sourceTree = "<group>"; };
		3E5E5591280C760F000C5435 /* Transformat.app */ = {isa = PBXFileReference; explicitFileType = wrapper.application; includeInIndex = 0; path = Transformat.app; sourceTree = BUILT_PRODUCTS_DIR; };
		3E5E5594280C760F000C5435 /* AppDelegate.swift */ = {isa = PBXFileReference; lastKnownFileType = sourcecode.swift; path = AppDelegate.swift; sourceTree = "<group>"; };
		3E5E5596280C760F000C5435 /* MainViewController.swift */ = {isa = PBXFileReference; lastKnownFileType = sourcecode.swift; path = MainViewController.swift; sourceTree = "<group>"; };
		3E5E559B280C7610000C5435 /* Base */ = {isa = PBXFileReference; lastKnownFileType = file.storyboard; name = Base; path = Base.lproj/Main.storyboard; sourceTree = "<group>"; };
		3E5E559D280C7610000C5435 /* Transformat.entitlements */ = {isa = PBXFileReference; lastKnownFileType = text.plist.entitlements; path = Transformat.entitlements; sourceTree = "<group>"; };
		3E5E55A2280C7610000C5435 /* TransformatTests.xctest */ = {isa = PBXFileReference; explicitFileType = wrapper.cfbundle; includeInIndex = 0; path = TransformatTests.xctest; sourceTree = BUILT_PRODUCTS_DIR; };
		3E5E55A6280C7610000C5435 /* TransformatTests.swift */ = {isa = PBXFileReference; lastKnownFileType = sourcecode.swift; path = TransformatTests.swift; sourceTree = "<group>"; };
		3E5E55AC280C7610000C5435 /* TransformatUITests.xctest */ = {isa = PBXFileReference; explicitFileType = wrapper.cfbundle; includeInIndex = 0; path = TransformatUITests.xctest; sourceTree = BUILT_PRODUCTS_DIR; };
		3E5E55B0280C7610000C5435 /* TransformatUITests.swift */ = {isa = PBXFileReference; lastKnownFileType = sourcecode.swift; path = TransformatUITests.swift; sourceTree = "<group>"; };
		3E5E55B2280C7610000C5435 /* TransformatUITestsLaunchTests.swift */ = {isa = PBXFileReference; lastKnownFileType = sourcecode.swift; path = TransformatUITestsLaunchTests.swift; sourceTree = "<group>"; };
		3E73FD25281DA1AD00143803 /* FFprobe+Extensions.swift */ = {isa = PBXFileReference; lastKnownFileType = sourcecode.swift; path = "FFprobe+Extensions.swift"; sourceTree = "<group>"; };
		3E73FD27281DAF2000143803 /* MediaResolution.swift */ = {isa = PBXFileReference; lastKnownFileType = sourcecode.swift; path = MediaResolution.swift; sourceTree = "<group>"; };
		3E73FD2928200C7700143803 /* FormatBox.swift */ = {isa = PBXFileReference; lastKnownFileType = sourcecode.swift; path = FormatBox.swift; sourceTree = "<group>"; };
		3E73FD2B28200CCC00143803 /* NSPopUpButton+Rx.swift */ = {isa = PBXFileReference; lastKnownFileType = sourcecode.swift; path = "NSPopUpButton+Rx.swift"; sourceTree = "<group>"; };
		3E73FD2E28204CE900143803 /* String+Extensions.swift */ = {isa = PBXFileReference; lastKnownFileType = sourcecode.swift; path = "String+Extensions.swift"; sourceTree = "<group>"; };
		3E73FD3028204D1300143803 /* TimeInvertal+Extensions.swift */ = {isa = PBXFileReference; lastKnownFileType = sourcecode.swift; path = "TimeInvertal+Extensions.swift"; sourceTree = "<group>"; };
		3E73FD322820C9BE00143803 /* ControlPanelViewModel.swift */ = {isa = PBXFileReference; lastKnownFileType = sourcecode.swift; path = ControlPanelViewModel.swift; sourceTree = "<group>"; };
		3E73FD362820CF4100143803 /* Comparable+Extensions.swift */ = {isa = PBXFileReference; lastKnownFileType = sourcecode.swift; path = "Comparable+Extensions.swift"; sourceTree = "<group>"; };
		3E80634428150264005B9B3C /* Extensions.swift */ = {isa = PBXFileReference; lastKnownFileType = sourcecode.swift; path = Extensions.swift; sourceTree = "<group>"; };
		3EA1E83C281855E400CCCA5F /* ImageButton.swift */ = {isa = PBXFileReference; lastKnownFileType = sourcecode.swift; path = ImageButton.swift; sourceTree = "<group>"; };
		3EA1E845281AD19100CCCA5F /* MediaInfomationBox.swift */ = {isa = PBXFileReference; lastKnownFileType = sourcecode.swift; path = MediaInfomationBox.swift; sourceTree = "<group>"; };
		3EA1E847281AD56500CCCA5F /* MediaPlayerDelegator.swift */ = {isa = PBXFileReference; lastKnownFileType = sourcecode.swift; path = MediaPlayerDelegator.swift; sourceTree = "<group>"; };
		3EAEBDBB282AB64B004BA81C /* ProgressView.swift */ = {isa = PBXFileReference; lastKnownFileType = sourcecode.swift; path = ProgressView.swift; sourceTree = "<group>"; };
		3EAEBDBD282AF9B1004BA81C /* ProgressButton.swift */ = {isa = PBXFileReference; lastKnownFileType = sourcecode.swift; path = ProgressButton.swift; sourceTree = "<group>"; };
		3EAEBDC1282B59BD004BA81C /* FFmpegArgumentsBuilder.swift */ = {isa = PBXFileReference; lastKnownFileType = sourcecode.swift; path = FFmpegArgumentsBuilder.swift; sourceTree = "<group>"; };
		3EAEBDC5282BF7FF004BA81C /* FFmpeg+Extensions.swift */ = {isa = PBXFileReference; lastKnownFileType = sourcecode.swift; path = "FFmpeg+Extensions.swift"; sourceTree = "<group>"; };
		3EDC73D72826451200D5673E /* MainViewModel.swift */ = {isa = PBXFileReference; lastKnownFileType = sourcecode.swift; path = MainViewModel.swift; sourceTree = "<group>"; };
		3EDC73DB28267E9600D5673E /* FormatBoxModel.swift */ = {isa = PBXFileReference; lastKnownFileType = sourcecode.swift; path = FormatBoxModel.swift; sourceTree = "<group>"; };
		3EDC73DD28267FAA00D5673E /* ContainerFormat.swift */ = {isa = PBXFileReference; lastKnownFileType = sourcecode.swift; path = ContainerFormat.swift; sourceTree = "<group>"; };
		3EDDC452282552BD00086041 /* AudioTracks.swift */ = {isa = PBXFileReference; lastKnownFileType = sourcecode.swift; path = AudioTracks.swift; sourceTree = "<group>"; };
		3EED6EED282115DE00DDFAEA /* TrimControlModel.swift */ = {isa = PBXFileReference; lastKnownFileType = sourcecode.swift; path = TrimControlModel.swift; sourceTree = "<group>"; };
		3EED6EF128211E3D00DDFAEA /* TrimButton.swift */ = {isa = PBXFileReference; lastKnownFileType = sourcecode.swift; path = TrimButton.swift; sourceTree = "<group>"; };
		3EEF90942823FEA200039BB1 /* MediaInfomationBoxModel.swift */ = {isa = PBXFileReference; lastKnownFileType = sourcecode.swift; path = MediaInfomationBoxModel.swift; sourceTree = "<group>"; };
		3EFBBC382812A72E00A0A05C /* TrimControl.swift */ = {isa = PBXFileReference; lastKnownFileType = sourcecode.swift; path = TrimControl.swift; sourceTree = "<group>"; };
		5C4BEBCF2B0F474FC1D6868A /* Pods-TransformatTests.debug.xcconfig */ = {isa = PBXFileReference; includeInIndex = 1; lastKnownFileType = text.xcconfig; name = "Pods-TransformatTests.debug.xcconfig"; path = "Target Support Files/Pods-TransformatTests/Pods-TransformatTests.debug.xcconfig"; sourceTree = "<group>"; };
		729855B7D0274EE712EA0AC9 /* Pods_TransformatTests.framework */ = {isa = PBXFileReference; explicitFileType = wrapper.framework; includeInIndex = 0; path = Pods_TransformatTests.framework; sourceTree = BUILT_PRODUCTS_DIR; };
		AFEA51FBF28065A1D2F46ABF /* Pods-Transformat.debug.xcconfig */ = {isa = PBXFileReference; includeInIndex = 1; lastKnownFileType = text.xcconfig; name = "Pods-Transformat.debug.xcconfig"; path = "Target Support Files/Pods-Transformat/Pods-Transformat.debug.xcconfig"; sourceTree = "<group>"; };
		FF9FF7E5697ADF4080C409F8 /* Pods-Transformat.release.xcconfig */ = {isa = PBXFileReference; includeInIndex = 1; lastKnownFileType = text.xcconfig; name = "Pods-Transformat.release.xcconfig"; path = "Target Support Files/Pods-Transformat/Pods-Transformat.release.xcconfig"; sourceTree = "<group>"; };
/* End PBXFileReference section */

/* Begin PBXFrameworksBuildPhase section */
		3E5E558E280C760F000C5435 /* Frameworks */ = {
			isa = PBXFrameworksBuildPhase;
			buildActionMask = 2147483647;
			files = (
				C328560C8C54865E78736815 /* Pods_Transformat.framework in Frameworks */,
			);
			runOnlyForDeploymentPostprocessing = 0;
		};
		3E5E559F280C7610000C5435 /* Frameworks */ = {
			isa = PBXFrameworksBuildPhase;
			buildActionMask = 2147483647;
			files = (
				C8137FAC295FAB210EBAF761 /* Pods_TransformatTests.framework in Frameworks */,
			);
			runOnlyForDeploymentPostprocessing = 0;
		};
		3E5E55A9280C7610000C5435 /* Frameworks */ = {
			isa = PBXFrameworksBuildPhase;
			buildActionMask = 2147483647;
			files = (
				CFE40DC222D23D78627DC564 /* Pods_Transformat_TransformatUITests.framework in Frameworks */,
			);
			runOnlyForDeploymentPostprocessing = 0;
		};
/* End PBXFrameworksBuildPhase section */

/* Begin PBXGroup section */
		0DCE809D9839F97E66DFCDE3 /* Frameworks */ = {
			isa = PBXGroup;
			children = (
				27A89AA9A1145CC1D6C84C55 /* Pods_Transformat.framework */,
				300A52991ECA8DE96DA0271F /* Pods_Transformat_TransformatUITests.framework */,
				729855B7D0274EE712EA0AC9 /* Pods_TransformatTests.framework */,
			);
			name = Frameworks;
			sourceTree = "<group>";
		};
		3E5E5588280C760F000C5435 = {
			isa = PBXGroup;
			children = (
				3E5E5593280C760F000C5435 /* Transformat */,
				3E5E55A5280C7610000C5435 /* TransformatTests */,
				3E5E55AF280C7610000C5435 /* TransformatUITests */,
				3E5E5592280C760F000C5435 /* Products */,
				7436038F57912ABBED71E86F /* Pods */,
				0DCE809D9839F97E66DFCDE3 /* Frameworks */,
			);
			sourceTree = "<group>";
		};
		3E5E5592280C760F000C5435 /* Products */ = {
			isa = PBXGroup;
			children = (
				3E5E5591280C760F000C5435 /* Transformat.app */,
				3E5E55A2280C7610000C5435 /* TransformatTests.xctest */,
				3E5E55AC280C7610000C5435 /* TransformatUITests.xctest */,
			);
			name = Products;
			sourceTree = "<group>";
		};
		3E5E5593280C760F000C5435 /* Transformat */ = {
			isa = PBXGroup;
			children = (
				3E73FD2D28204CD500143803 /* Extensions */,
				3E73FD24281DA18B00143803 /* FFmpegComponents */,
				3EA1E83E2819A6C600CCCA5F /* VLCComponents */,
				3EA1E83B2818558F00CCCA5F /* ViewComponents */,
				3E5E5594280C760F000C5435 /* AppDelegate.swift */,
				3E02AF9B2818089B00BE6FE4 /* Assets.xcassets */,
				3E5E559A280C7610000C5435 /* Main.storyboard */,
				3E5E559D280C7610000C5435 /* Transformat.entitlements */,
			);
			path = Transformat;
			sourceTree = "<group>";
		};
		3E5E55A5280C7610000C5435 /* TransformatTests */ = {
			isa = PBXGroup;
			children = (
				3E5E55A6280C7610000C5435 /* TransformatTests.swift */,
			);
			path = TransformatTests;
			sourceTree = "<group>";
		};
		3E5E55AF280C7610000C5435 /* TransformatUITests */ = {
			isa = PBXGroup;
			children = (
				3E5E55B0280C7610000C5435 /* TransformatUITests.swift */,
				3E5E55B2280C7610000C5435 /* TransformatUITestsLaunchTests.swift */,
			);
			path = TransformatUITests;
			sourceTree = "<group>";
		};
		3E73FD24281DA18B00143803 /* FFmpegComponents */ = {
			isa = PBXGroup;
			children = (
				3E73FD25281DA1AD00143803 /* FFprobe+Extensions.swift */,
				3E73FD27281DAF2000143803 /* MediaResolution.swift */,
				3EDDC452282552BD00086041 /* AudioTracks.swift */,
				3E03869028280E7000A429F8 /* UnitStorage.swift */,
				3EAEBDC1282B59BD004BA81C /* FFmpegArgumentsBuilder.swift */,
				3EAEBDC5282BF7FF004BA81C /* FFmpeg+Extensions.swift */,
			);
			path = FFmpegComponents;
			sourceTree = "<group>";
		};
		3E73FD2D28204CD500143803 /* Extensions */ = {
			isa = PBXGroup;
			children = (
				3E73FD2E28204CE900143803 /* String+Extensions.swift */,
				3E73FD3028204D1300143803 /* TimeInvertal+Extensions.swift */,
				3E73FD362820CF4100143803 /* Comparable+Extensions.swift */,
				3E03868A2827C64100A429F8 /* Rx+Extensions.swift */,
			);
			path = Extensions;
			sourceTree = "<group>";
		};
		3EA1E83B2818558F00CCCA5F /* ViewComponents */ = {
			isa = PBXGroup;
			children = (
				3EDC73DA28267E7300D5673E /* FormatBox */,
				3EDC73D928264C7800D5673E /* MainView */,
				3EEF90982824FBFA00039BB1 /* ViewHelpers */,
				3EEF90932823FE8F00039BB1 /* MediaInfomationBox */,
				3EEF90972824396100039BB1 /* ControlPanel */,
				3EED6EF32821377900DDFAEA /* TrimView */,
			);
			path = ViewComponents;
			sourceTree = "<group>";
		};
		3EA1E83E2819A6C600CCCA5F /* VLCComponents */ = {
			isa = PBXGroup;
			children = (
				3EA1E847281AD56500CCCA5F /* MediaPlayerDelegator.swift */,
			);
			path = VLCComponents;
			sourceTree = "<group>";
		};
		3EDC73D928264C7800D5673E /* MainView */ = {
			isa = PBXGroup;
			children = (
				3E5E5596280C760F000C5435 /* MainViewController.swift */,
				3EDC73D72826451200D5673E /* MainViewModel.swift */,
			);
			path = MainView;
			sourceTree = "<group>";
		};
		3EDC73DA28267E7300D5673E /* FormatBox */ = {
			isa = PBXGroup;
			children = (
				3E73FD2928200C7700143803 /* FormatBox.swift */,
				3EDC73DB28267E9600D5673E /* FormatBoxModel.swift */,
				3EDC73DD28267FAA00D5673E /* ContainerFormat.swift */,
			);
			path = FormatBox;
			sourceTree = "<group>";
		};
		3EED6EF32821377900DDFAEA /* TrimView */ = {
			isa = PBXGroup;
			children = (
				3EED6EF128211E3D00DDFAEA /* TrimButton.swift */,
				3EFBBC382812A72E00A0A05C /* TrimControl.swift */,
				3EED6EED282115DE00DDFAEA /* TrimControlModel.swift */,
			);
			path = TrimView;
			sourceTree = "<group>";
		};
		3EEF90932823FE8F00039BB1 /* MediaInfomationBox */ = {
			isa = PBXGroup;
			children = (
				3EA1E845281AD19100CCCA5F /* MediaInfomationBox.swift */,
				3EEF90942823FEA200039BB1 /* MediaInfomationBoxModel.swift */,
			);
			path = MediaInfomationBox;
			sourceTree = "<group>";
		};
		3EEF90972824396100039BB1 /* ControlPanel */ = {
			isa = PBXGroup;
			children = (
				3E02AF99281704D000BE6FE4 /* ControlPanel.swift */,
				3E73FD322820C9BE00143803 /* ControlPanelViewModel.swift */,
			);
			path = ControlPanel;
			sourceTree = "<group>";
		};
		3EEF90982824FBFA00039BB1 /* ViewHelpers */ = {
			isa = PBXGroup;
			children = (
				3E80634428150264005B9B3C /* Extensions.swift */,
				3EA1E83C281855E400CCCA5F /* ImageButton.swift */,
				3E73FD2B28200CCC00143803 /* NSPopUpButton+Rx.swift */,
				3E03868C2827C6F000A429F8 /* NSTextField+Rx.swift */,
				3EAEBDBD282AF9B1004BA81C /* ProgressButton.swift */,
				3EAEBDBB282AB64B004BA81C /* ProgressView.swift */,
			);
			path = ViewHelpers;
			sourceTree = "<group>";
		};
		7436038F57912ABBED71E86F /* Pods */ = {
			isa = PBXGroup;
			children = (
				AFEA51FBF28065A1D2F46ABF /* Pods-Transformat.debug.xcconfig */,
				FF9FF7E5697ADF4080C409F8 /* Pods-Transformat.release.xcconfig */,
				08C02F16D1F8940C8E854D26 /* Pods-Transformat-TransformatUITests.debug.xcconfig */,
				308EA28F49FE6053C09AAB58 /* Pods-Transformat-TransformatUITests.release.xcconfig */,
				5C4BEBCF2B0F474FC1D6868A /* Pods-TransformatTests.debug.xcconfig */,
				3CBE637FDD92C71D43192830 /* Pods-TransformatTests.release.xcconfig */,
			);
			path = Pods;
			sourceTree = "<group>";
		};
/* End PBXGroup section */

/* Begin PBXNativeTarget section */
		3E5E5590280C760F000C5435 /* Transformat */ = {
			isa = PBXNativeTarget;
			buildConfigurationList = 3E5E55B6280C7610000C5435 /* Build configuration list for PBXNativeTarget "Transformat" */;
			buildPhases = (
				EE7E50C44D6D5AC37E1D430F /* [CP] Check Pods Manifest.lock */,
				3E5E558D280C760F000C5435 /* Sources */,
				3E5E558E280C760F000C5435 /* Frameworks */,
				3E5E558F280C760F000C5435 /* Resources */,
				1DFD694E8F82E41C28796D83 /* [CP] Embed Pods Frameworks */,
			);
			buildRules = (
			);
			dependencies = (
			);
			name = Transformat;
			productName = Transformat;
			productReference = 3E5E5591280C760F000C5435 /* Transformat.app */;
			productType = "com.apple.product-type.application";
		};
		3E5E55A1280C7610000C5435 /* TransformatTests */ = {
			isa = PBXNativeTarget;
			buildConfigurationList = 3E5E55B9280C7610000C5435 /* Build configuration list for PBXNativeTarget "TransformatTests" */;
			buildPhases = (
				EEC6EE7468ED80B23E332338 /* [CP] Check Pods Manifest.lock */,
				3E5E559E280C7610000C5435 /* Sources */,
				3E5E559F280C7610000C5435 /* Frameworks */,
				3E5E55A0280C7610000C5435 /* Resources */,
			);
			buildRules = (
			);
			dependencies = (
				3E5E55A4280C7610000C5435 /* PBXTargetDependency */,
			);
			name = TransformatTests;
			productName = TransformatTests;
			productReference = 3E5E55A2280C7610000C5435 /* TransformatTests.xctest */;
			productType = "com.apple.product-type.bundle.unit-test";
		};
		3E5E55AB280C7610000C5435 /* TransformatUITests */ = {
			isa = PBXNativeTarget;
			buildConfigurationList = 3E5E55BC280C7610000C5435 /* Build configuration list for PBXNativeTarget "TransformatUITests" */;
			buildPhases = (
				6D15AB06FAC85F5FCFD1AE4E /* [CP] Check Pods Manifest.lock */,
				3E5E55A8280C7610000C5435 /* Sources */,
				3E5E55A9280C7610000C5435 /* Frameworks */,
				3E5E55AA280C7610000C5435 /* Resources */,
				C9A89884A2318AA79F543700 /* [CP] Embed Pods Frameworks */,
			);
			buildRules = (
			);
			dependencies = (
				3E5E55AE280C7610000C5435 /* PBXTargetDependency */,
			);
			name = TransformatUITests;
			productName = TransformatUITests;
			productReference = 3E5E55AC280C7610000C5435 /* TransformatUITests.xctest */;
			productType = "com.apple.product-type.bundle.ui-testing";
		};
/* End PBXNativeTarget section */

/* Begin PBXProject section */
		3E5E5589280C760F000C5435 /* Project object */ = {
			isa = PBXProject;
			attributes = {
				BuildIndependentTargetsInParallel = 1;
				LastSwiftUpdateCheck = 1330;
				LastUpgradeCheck = 1330;
				ORGANIZATIONNAME = "Qiu Du";
				TargetAttributes = {
					3E5E5590280C760F000C5435 = {
						CreatedOnToolsVersion = 13.3.1;
					};
					3E5E55A1280C7610000C5435 = {
						CreatedOnToolsVersion = 13.3.1;
						TestTargetID = 3E5E5590280C760F000C5435;
					};
					3E5E55AB280C7610000C5435 = {
						CreatedOnToolsVersion = 13.3.1;
						TestTargetID = 3E5E5590280C760F000C5435;
					};
				};
			};
			buildConfigurationList = 3E5E558C280C760F000C5435 /* Build configuration list for PBXProject "Transformat" */;
			compatibilityVersion = "Xcode 13.0";
			developmentRegion = en;
			hasScannedForEncodings = 0;
			knownRegions = (
				en,
				Base,
			);
			mainGroup = 3E5E5588280C760F000C5435;
			productRefGroup = 3E5E5592280C760F000C5435 /* Products */;
			projectDirPath = "";
			projectRoot = "";
			targets = (
				3E5E5590280C760F000C5435 /* Transformat */,
				3E5E55A1280C7610000C5435 /* TransformatTests */,
				3E5E55AB280C7610000C5435 /* TransformatUITests */,
			);
		};
/* End PBXProject section */

/* Begin PBXResourcesBuildPhase section */
		3E5E558F280C760F000C5435 /* Resources */ = {
			isa = PBXResourcesBuildPhase;
			buildActionMask = 2147483647;
			files = (
				3E02AF9C2818089B00BE6FE4 /* Assets.xcassets in Resources */,
				3E5E559C280C7610000C5435 /* Main.storyboard in Resources */,
			);
			runOnlyForDeploymentPostprocessing = 0;
		};
		3E5E55A0280C7610000C5435 /* Resources */ = {
			isa = PBXResourcesBuildPhase;
			buildActionMask = 2147483647;
			files = (
			);
			runOnlyForDeploymentPostprocessing = 0;
		};
		3E5E55AA280C7610000C5435 /* Resources */ = {
			isa = PBXResourcesBuildPhase;
			buildActionMask = 2147483647;
			files = (
			);
			runOnlyForDeploymentPostprocessing = 0;
		};
/* End PBXResourcesBuildPhase section */

/* Begin PBXShellScriptBuildPhase section */
		1DFD694E8F82E41C28796D83 /* [CP] Embed Pods Frameworks */ = {
			isa = PBXShellScriptBuildPhase;
			buildActionMask = 2147483647;
			files = (
			);
			inputFileListPaths = (
				"${PODS_ROOT}/Target Support Files/Pods-Transformat/Pods-Transformat-frameworks-${CONFIGURATION}-input-files.xcfilelist",
			);
			name = "[CP] Embed Pods Frameworks";
			outputFileListPaths = (
				"${PODS_ROOT}/Target Support Files/Pods-Transformat/Pods-Transformat-frameworks-${CONFIGURATION}-output-files.xcfilelist",
			);
			runOnlyForDeploymentPostprocessing = 0;
			shellPath = /bin/sh;
			shellScript = "\"${PODS_ROOT}/Target Support Files/Pods-Transformat/Pods-Transformat-frameworks.sh\"\n";
			showEnvVarsInLog = 0;
		};
		6D15AB06FAC85F5FCFD1AE4E /* [CP] Check Pods Manifest.lock */ = {
			isa = PBXShellScriptBuildPhase;
			buildActionMask = 2147483647;
			files = (
			);
			inputFileListPaths = (
			);
			inputPaths = (
				"${PODS_PODFILE_DIR_PATH}/Podfile.lock",
				"${PODS_ROOT}/Manifest.lock",
			);
			name = "[CP] Check Pods Manifest.lock";
			outputFileListPaths = (
			);
			outputPaths = (
				"$(DERIVED_FILE_DIR)/Pods-Transformat-TransformatUITests-checkManifestLockResult.txt",
			);
			runOnlyForDeploymentPostprocessing = 0;
			shellPath = /bin/sh;
			shellScript = "diff \"${PODS_PODFILE_DIR_PATH}/Podfile.lock\" \"${PODS_ROOT}/Manifest.lock\" > /dev/null\nif [ $? != 0 ] ; then\n    # print error to STDERR\n    echo \"error: The sandbox is not in sync with the Podfile.lock. Run 'pod install' or update your CocoaPods installation.\" >&2\n    exit 1\nfi\n# This output is used by Xcode 'outputs' to avoid re-running this script phase.\necho \"SUCCESS\" > \"${SCRIPT_OUTPUT_FILE_0}\"\n";
			showEnvVarsInLog = 0;
		};
		C9A89884A2318AA79F543700 /* [CP] Embed Pods Frameworks */ = {
			isa = PBXShellScriptBuildPhase;
			buildActionMask = 2147483647;
			files = (
			);
			inputFileListPaths = (
				"${PODS_ROOT}/Target Support Files/Pods-Transformat-TransformatUITests/Pods-Transformat-TransformatUITests-frameworks-${CONFIGURATION}-input-files.xcfilelist",
			);
			name = "[CP] Embed Pods Frameworks";
			outputFileListPaths = (
				"${PODS_ROOT}/Target Support Files/Pods-Transformat-TransformatUITests/Pods-Transformat-TransformatUITests-frameworks-${CONFIGURATION}-output-files.xcfilelist",
			);
			runOnlyForDeploymentPostprocessing = 0;
			shellPath = /bin/sh;
			shellScript = "\"${PODS_ROOT}/Target Support Files/Pods-Transformat-TransformatUITests/Pods-Transformat-TransformatUITests-frameworks.sh\"\n";
			showEnvVarsInLog = 0;
		};
		EE7E50C44D6D5AC37E1D430F /* [CP] Check Pods Manifest.lock */ = {
			isa = PBXShellScriptBuildPhase;
			buildActionMask = 2147483647;
			files = (
			);
			inputFileListPaths = (
			);
			inputPaths = (
				"${PODS_PODFILE_DIR_PATH}/Podfile.lock",
				"${PODS_ROOT}/Manifest.lock",
			);
			name = "[CP] Check Pods Manifest.lock";
			outputFileListPaths = (
			);
			outputPaths = (
				"$(DERIVED_FILE_DIR)/Pods-Transformat-checkManifestLockResult.txt",
			);
			runOnlyForDeploymentPostprocessing = 0;
			shellPath = /bin/sh;
			shellScript = "diff \"${PODS_PODFILE_DIR_PATH}/Podfile.lock\" \"${PODS_ROOT}/Manifest.lock\" > /dev/null\nif [ $? != 0 ] ; then\n    # print error to STDERR\n    echo \"error: The sandbox is not in sync with the Podfile.lock. Run 'pod install' or update your CocoaPods installation.\" >&2\n    exit 1\nfi\n# This output is used by Xcode 'outputs' to avoid re-running this script phase.\necho \"SUCCESS\" > \"${SCRIPT_OUTPUT_FILE_0}\"\n";
			showEnvVarsInLog = 0;
		};
		EEC6EE7468ED80B23E332338 /* [CP] Check Pods Manifest.lock */ = {
			isa = PBXShellScriptBuildPhase;
			buildActionMask = 2147483647;
			files = (
			);
			inputFileListPaths = (
			);
			inputPaths = (
				"${PODS_PODFILE_DIR_PATH}/Podfile.lock",
				"${PODS_ROOT}/Manifest.lock",
			);
			name = "[CP] Check Pods Manifest.lock";
			outputFileListPaths = (
			);
			outputPaths = (
				"$(DERIVED_FILE_DIR)/Pods-TransformatTests-checkManifestLockResult.txt",
			);
			runOnlyForDeploymentPostprocessing = 0;
			shellPath = /bin/sh;
			shellScript = "diff \"${PODS_PODFILE_DIR_PATH}/Podfile.lock\" \"${PODS_ROOT}/Manifest.lock\" > /dev/null\nif [ $? != 0 ] ; then\n    # print error to STDERR\n    echo \"error: The sandbox is not in sync with the Podfile.lock. Run 'pod install' or update your CocoaPods installation.\" >&2\n    exit 1\nfi\n# This output is used by Xcode 'outputs' to avoid re-running this script phase.\necho \"SUCCESS\" > \"${SCRIPT_OUTPUT_FILE_0}\"\n";
			showEnvVarsInLog = 0;
		};
/* End PBXShellScriptBuildPhase section */

/* Begin PBXSourcesBuildPhase section */
		3E5E558D280C760F000C5435 /* Sources */ = {
			isa = PBXSourcesBuildPhase;
			buildActionMask = 2147483647;
			files = (
				3E73FD28281DAF2000143803 /* MediaResolution.swift in Sources */,
				3EA1E848281AD56500CCCA5F /* MediaPlayerDelegator.swift in Sources */,
				3E73FD2A28200C7700143803 /* FormatBox.swift in Sources */,
				3E03868B2827C64100A429F8 /* Rx+Extensions.swift in Sources */,
				3EED6EF228211E3D00DDFAEA /* TrimButton.swift in Sources */,
				3EDC73DE28267FAA00D5673E /* ContainerFormat.swift in Sources */,
				3E02AF9A281704D000BE6FE4 /* ControlPanel.swift in Sources */,
				3E03869128280E7000A429F8 /* UnitStorage.swift in Sources */,
				3EDDC453282552BD00086041 /* AudioTracks.swift in Sources */,
				3E73FD2F28204CE900143803 /* String+Extensions.swift in Sources */,
				3E5E5597280C760F000C5435 /* MainViewController.swift in Sources */,
				3E73FD2C28200CCC00143803 /* NSPopUpButton+Rx.swift in Sources */,
				3E80634528150264005B9B3C /* Extensions.swift in Sources */,
				3EDC73DC28267E9600D5673E /* FormatBoxModel.swift in Sources */,
				3EAEBDBE282AF9B1004BA81C /* ProgressButton.swift in Sources */,
				3EFBBC392812A72E00A0A05C /* TrimControl.swift in Sources */,
				3E5E5595280C760F000C5435 /* AppDelegate.swift in Sources */,
				3E73FD26281DA1AD00143803 /* FFprobe+Extensions.swift in Sources */,
				3EA1E846281AD19100CCCA5F /* MediaInfomationBox.swift in Sources */,
				3EDC73D82826451200D5673E /* MainViewModel.swift in Sources */,
				3E73FD3128204D1300143803 /* TimeInvertal+Extensions.swift in Sources */,
				3EAEBDC2282B59BD004BA81C /* FFmpegArgumentsBuilder.swift in Sources */,
				3EED6EEE282115DE00DDFAEA /* TrimControlModel.swift in Sources */,
				3E03868D2827C6F000A429F8 /* NSTextField+Rx.swift in Sources */,
				3EAEBDC6282BF7FF004BA81C /* FFmpeg+Extensions.swift in Sources */,
				3E73FD372820CF4100143803 /* Comparable+Extensions.swift in Sources */,
				3E73FD332820C9BE00143803 /* ControlPanelViewModel.swift in Sources */,
				3EAEBDBC282AB64B004BA81C /* ProgressView.swift in Sources */,
				3EEF90952823FEA200039BB1 /* MediaInfomationBoxModel.swift in Sources */,
				3EA1E83D281855E400CCCA5F /* ImageButton.swift in Sources */,
			);
			runOnlyForDeploymentPostprocessing = 0;
		};
		3E5E559E280C7610000C5435 /* Sources */ = {
			isa = PBXSourcesBuildPhase;
			buildActionMask = 2147483647;
			files = (
				3E5E55A7280C7610000C5435 /* TransformatTests.swift in Sources */,
			);
			runOnlyForDeploymentPostprocessing = 0;
		};
		3E5E55A8280C7610000C5435 /* Sources */ = {
			isa = PBXSourcesBuildPhase;
			buildActionMask = 2147483647;
			files = (
				3E5E55B3280C7610000C5435 /* TransformatUITestsLaunchTests.swift in Sources */,
				3E5E55B1280C7610000C5435 /* TransformatUITests.swift in Sources */,
			);
			runOnlyForDeploymentPostprocessing = 0;
		};
/* End PBXSourcesBuildPhase section */

/* Begin PBXTargetDependency section */
		3E5E55A4280C7610000C5435 /* PBXTargetDependency */ = {
			isa = PBXTargetDependency;
			target = 3E5E5590280C760F000C5435 /* Transformat */;
			targetProxy = 3E5E55A3280C7610000C5435 /* PBXContainerItemProxy */;
		};
		3E5E55AE280C7610000C5435 /* PBXTargetDependency */ = {
			isa = PBXTargetDependency;
			target = 3E5E5590280C760F000C5435 /* Transformat */;
			targetProxy = 3E5E55AD280C7610000C5435 /* PBXContainerItemProxy */;
		};
/* End PBXTargetDependency section */

/* Begin PBXVariantGroup section */
		3E5E559A280C7610000C5435 /* Main.storyboard */ = {
			isa = PBXVariantGroup;
			children = (
				3E5E559B280C7610000C5435 /* Base */,
			);
			name = Main.storyboard;
			sourceTree = "<group>";
		};
/* End PBXVariantGroup section */

/* Begin XCBuildConfiguration section */
		3E5E55B4280C7610000C5435 /* Debug */ = {
			isa = XCBuildConfiguration;
			buildSettings = {
				ALWAYS_SEARCH_USER_PATHS = NO;
				CLANG_ANALYZER_NONNULL = YES;
				CLANG_ANALYZER_NUMBER_OBJECT_CONVERSION = YES_AGGRESSIVE;
				CLANG_CXX_LANGUAGE_STANDARD = "gnu++17";
				CLANG_ENABLE_MODULES = YES;
				CLANG_ENABLE_OBJC_ARC = YES;
				CLANG_ENABLE_OBJC_WEAK = YES;
				CLANG_WARN_BLOCK_CAPTURE_AUTORELEASING = YES;
				CLANG_WARN_BOOL_CONVERSION = YES;
				CLANG_WARN_COMMA = YES;
				CLANG_WARN_CONSTANT_CONVERSION = YES;
				CLANG_WARN_DEPRECATED_OBJC_IMPLEMENTATIONS = YES;
				CLANG_WARN_DIRECT_OBJC_ISA_USAGE = YES_ERROR;
				CLANG_WARN_DOCUMENTATION_COMMENTS = YES;
				CLANG_WARN_EMPTY_BODY = YES;
				CLANG_WARN_ENUM_CONVERSION = YES;
				CLANG_WARN_INFINITE_RECURSION = YES;
				CLANG_WARN_INT_CONVERSION = YES;
				CLANG_WARN_NON_LITERAL_NULL_CONVERSION = YES;
				CLANG_WARN_OBJC_IMPLICIT_RETAIN_SELF = YES;
				CLANG_WARN_OBJC_LITERAL_CONVERSION = YES;
				CLANG_WARN_OBJC_ROOT_CLASS = YES_ERROR;
				CLANG_WARN_QUOTED_INCLUDE_IN_FRAMEWORK_HEADER = YES;
				CLANG_WARN_RANGE_LOOP_ANALYSIS = YES;
				CLANG_WARN_STRICT_PROTOTYPES = YES;
				CLANG_WARN_SUSPICIOUS_MOVE = YES;
				CLANG_WARN_UNGUARDED_AVAILABILITY = YES_AGGRESSIVE;
				CLANG_WARN_UNREACHABLE_CODE = YES;
				CLANG_WARN__DUPLICATE_METHOD_MATCH = YES;
				COPY_PHASE_STRIP = NO;
				DEBUG_INFORMATION_FORMAT = dwarf;
				ENABLE_STRICT_OBJC_MSGSEND = YES;
				ENABLE_TESTABILITY = YES;
				GCC_C_LANGUAGE_STANDARD = gnu11;
				GCC_DYNAMIC_NO_PIC = NO;
				GCC_NO_COMMON_BLOCKS = YES;
				GCC_OPTIMIZATION_LEVEL = 0;
				GCC_PREPROCESSOR_DEFINITIONS = (
					"DEBUG=1",
					"$(inherited)",
				);
				GCC_WARN_64_TO_32_BIT_CONVERSION = YES;
				GCC_WARN_ABOUT_RETURN_TYPE = YES_ERROR;
				GCC_WARN_UNDECLARED_SELECTOR = YES;
				GCC_WARN_UNINITIALIZED_AUTOS = YES_AGGRESSIVE;
				GCC_WARN_UNUSED_FUNCTION = YES;
				GCC_WARN_UNUSED_VARIABLE = YES;
				MACOSX_DEPLOYMENT_TARGET = 10.12;
				MTL_ENABLE_DEBUG_INFO = INCLUDE_SOURCE;
				MTL_FAST_MATH = YES;
				ONLY_ACTIVE_ARCH = YES;
				SDKROOT = macosx;
				SWIFT_ACTIVE_COMPILATION_CONDITIONS = DEBUG;
				SWIFT_OPTIMIZATION_LEVEL = "-Onone";
			};
			name = Debug;
		};
		3E5E55B5280C7610000C5435 /* Release */ = {
			isa = XCBuildConfiguration;
			buildSettings = {
				ALWAYS_SEARCH_USER_PATHS = NO;
				CLANG_ANALYZER_NONNULL = YES;
				CLANG_ANALYZER_NUMBER_OBJECT_CONVERSION = YES_AGGRESSIVE;
				CLANG_CXX_LANGUAGE_STANDARD = "gnu++17";
				CLANG_ENABLE_MODULES = YES;
				CLANG_ENABLE_OBJC_ARC = YES;
				CLANG_ENABLE_OBJC_WEAK = YES;
				CLANG_WARN_BLOCK_CAPTURE_AUTORELEASING = YES;
				CLANG_WARN_BOOL_CONVERSION = YES;
				CLANG_WARN_COMMA = YES;
				CLANG_WARN_CONSTANT_CONVERSION = YES;
				CLANG_WARN_DEPRECATED_OBJC_IMPLEMENTATIONS = YES;
				CLANG_WARN_DIRECT_OBJC_ISA_USAGE = YES_ERROR;
				CLANG_WARN_DOCUMENTATION_COMMENTS = YES;
				CLANG_WARN_EMPTY_BODY = YES;
				CLANG_WARN_ENUM_CONVERSION = YES;
				CLANG_WARN_INFINITE_RECURSION = YES;
				CLANG_WARN_INT_CONVERSION = YES;
				CLANG_WARN_NON_LITERAL_NULL_CONVERSION = YES;
				CLANG_WARN_OBJC_IMPLICIT_RETAIN_SELF = YES;
				CLANG_WARN_OBJC_LITERAL_CONVERSION = YES;
				CLANG_WARN_OBJC_ROOT_CLASS = YES_ERROR;
				CLANG_WARN_QUOTED_INCLUDE_IN_FRAMEWORK_HEADER = YES;
				CLANG_WARN_RANGE_LOOP_ANALYSIS = YES;
				CLANG_WARN_STRICT_PROTOTYPES = YES;
				CLANG_WARN_SUSPICIOUS_MOVE = YES;
				CLANG_WARN_UNGUARDED_AVAILABILITY = YES_AGGRESSIVE;
				CLANG_WARN_UNREACHABLE_CODE = YES;
				CLANG_WARN__DUPLICATE_METHOD_MATCH = YES;
				COPY_PHASE_STRIP = NO;
				DEBUG_INFORMATION_FORMAT = "dwarf-with-dsym";
				ENABLE_NS_ASSERTIONS = NO;
				ENABLE_STRICT_OBJC_MSGSEND = YES;
				GCC_C_LANGUAGE_STANDARD = gnu11;
				GCC_NO_COMMON_BLOCKS = YES;
				GCC_WARN_64_TO_32_BIT_CONVERSION = YES;
				GCC_WARN_ABOUT_RETURN_TYPE = YES_ERROR;
				GCC_WARN_UNDECLARED_SELECTOR = YES;
				GCC_WARN_UNINITIALIZED_AUTOS = YES_AGGRESSIVE;
				GCC_WARN_UNUSED_FUNCTION = YES;
				GCC_WARN_UNUSED_VARIABLE = YES;
				MACOSX_DEPLOYMENT_TARGET = 10.12;
				MTL_ENABLE_DEBUG_INFO = NO;
				MTL_FAST_MATH = YES;
				SDKROOT = macosx;
				SWIFT_COMPILATION_MODE = wholemodule;
				SWIFT_OPTIMIZATION_LEVEL = "-O";
			};
			name = Release;
		};
		3E5E55B7280C7610000C5435 /* Debug */ = {
			isa = XCBuildConfiguration;
			baseConfigurationReference = AFEA51FBF28065A1D2F46ABF /* Pods-Transformat.debug.xcconfig */;
			buildSettings = {
				ASSETCATALOG_COMPILER_APPICON_NAME = AppIcon;
				ASSETCATALOG_COMPILER_GLOBAL_ACCENT_COLOR_NAME = AccentColor;
				CODE_SIGN_ENTITLEMENTS = Transformat/Transformat.entitlements;
				CODE_SIGN_STYLE = Automatic;
				COMBINE_HIDPI_IMAGES = YES;
				CURRENT_PROJECT_VERSION = 1;
				DEVELOPMENT_TEAM = P45J34CJYG;
				ENABLE_HARDENED_RUNTIME = YES;
				GENERATE_INFOPLIST_FILE = YES;
				INFOPLIST_KEY_NSHumanReadableCopyright = "";
				INFOPLIST_KEY_NSMainStoryboardFile = Main;
				INFOPLIST_KEY_NSPrincipalClass = NSApplication;
				LD_RUNPATH_SEARCH_PATHS = (
					"$(inherited)",
					"@executable_path/../Frameworks",
				);
				MACOSX_DEPLOYMENT_TARGET = 10.12;
				MARKETING_VERSION = 1.0;
				PRODUCT_BUNDLE_IDENTIFIER = com.lyledu.Transformat;
				PRODUCT_NAME = "$(TARGET_NAME)";
				SWIFT_EMIT_LOC_STRINGS = YES;
				SWIFT_VERSION = 5.0;
			};
			name = Debug;
		};
		3E5E55B8280C7610000C5435 /* Release */ = {
			isa = XCBuildConfiguration;
			baseConfigurationReference = FF9FF7E5697ADF4080C409F8 /* Pods-Transformat.release.xcconfig */;
			buildSettings = {
				ASSETCATALOG_COMPILER_APPICON_NAME = AppIcon;
				ASSETCATALOG_COMPILER_GLOBAL_ACCENT_COLOR_NAME = AccentColor;
				CODE_SIGN_ENTITLEMENTS = Transformat/Transformat.entitlements;
				CODE_SIGN_STYLE = Automatic;
				COMBINE_HIDPI_IMAGES = YES;
				CURRENT_PROJECT_VERSION = 1;
				DEVELOPMENT_TEAM = P45J34CJYG;
				ENABLE_HARDENED_RUNTIME = YES;
				GENERATE_INFOPLIST_FILE = YES;
				INFOPLIST_KEY_NSHumanReadableCopyright = "";
				INFOPLIST_KEY_NSMainStoryboardFile = Main;
				INFOPLIST_KEY_NSPrincipalClass = NSApplication;
				LD_RUNPATH_SEARCH_PATHS = (
					"$(inherited)",
					"@executable_path/../Frameworks",
				);
				MACOSX_DEPLOYMENT_TARGET = 10.12;
				MARKETING_VERSION = 1.0;
				PRODUCT_BUNDLE_IDENTIFIER = com.lyledu.Transformat;
				PRODUCT_NAME = "$(TARGET_NAME)";
				SWIFT_EMIT_LOC_STRINGS = YES;
				SWIFT_VERSION = 5.0;
			};
			name = Release;
		};
		3E5E55BA280C7610000C5435 /* Debug */ = {
			isa = XCBuildConfiguration;
			baseConfigurationReference = 5C4BEBCF2B0F474FC1D6868A /* Pods-TransformatTests.debug.xcconfig */;
			buildSettings = {
				BUNDLE_LOADER = "$(TEST_HOST)";
				CODE_SIGN_STYLE = Automatic;
				CURRENT_PROJECT_VERSION = 1;
				DEVELOPMENT_TEAM = P45J34CJYG;
				GENERATE_INFOPLIST_FILE = YES;
				MACOSX_DEPLOYMENT_TARGET = 12.3;
				MARKETING_VERSION = 1.0;
				PRODUCT_BUNDLE_IDENTIFIER = com.lyledu.TransformatTests;
				PRODUCT_NAME = "$(TARGET_NAME)";
				SWIFT_EMIT_LOC_STRINGS = NO;
				SWIFT_VERSION = 5.0;
				TEST_HOST = "$(BUILT_PRODUCTS_DIR)/Transformat.app/Contents/MacOS/Transformat";
			};
			name = Debug;
		};
		3E5E55BB280C7610000C5435 /* Release */ = {
			isa = XCBuildConfiguration;
			baseConfigurationReference = 3CBE637FDD92C71D43192830 /* Pods-TransformatTests.release.xcconfig */;
			buildSettings = {
				BUNDLE_LOADER = "$(TEST_HOST)";
				CODE_SIGN_STYLE = Automatic;
				CURRENT_PROJECT_VERSION = 1;
				DEVELOPMENT_TEAM = P45J34CJYG;
				GENERATE_INFOPLIST_FILE = YES;
				MACOSX_DEPLOYMENT_TARGET = 12.3;
				MARKETING_VERSION = 1.0;
				PRODUCT_BUNDLE_IDENTIFIER = com.lyledu.TransformatTests;
				PRODUCT_NAME = "$(TARGET_NAME)";
				SWIFT_EMIT_LOC_STRINGS = NO;
				SWIFT_VERSION = 5.0;
				TEST_HOST = "$(BUILT_PRODUCTS_DIR)/Transformat.app/Contents/MacOS/Transformat";
			};
			name = Release;
		};
		3E5E55BD280C7610000C5435 /* Debug */ = {
			isa = XCBuildConfiguration;
			baseConfigurationReference = 08C02F16D1F8940C8E854D26 /* Pods-Transformat-TransformatUITests.debug.xcconfig */;
			buildSettings = {
				CODE_SIGN_STYLE = Automatic;
				CURRENT_PROJECT_VERSION = 1;
				DEVELOPMENT_TEAM = P45J34CJYG;
				GENERATE_INFOPLIST_FILE = YES;
				MARKETING_VERSION = 1.0;
				PRODUCT_BUNDLE_IDENTIFIER = com.lyledu.TransformatUITests;
				PRODUCT_NAME = "$(TARGET_NAME)";
				SWIFT_EMIT_LOC_STRINGS = NO;
				SWIFT_VERSION = 5.0;
				TEST_TARGET_NAME = Transformat;
			};
			name = Debug;
		};
		3E5E55BE280C7610000C5435 /* Release */ = {
			isa = XCBuildConfiguration;
			baseConfigurationReference = 308EA28F49FE6053C09AAB58 /* Pods-Transformat-TransformatUITests.release.xcconfig */;
			buildSettings = {
				CODE_SIGN_STYLE = Automatic;
				CURRENT_PROJECT_VERSION = 1;
				DEVELOPMENT_TEAM = P45J34CJYG;
				GENERATE_INFOPLIST_FILE = YES;
				MARKETING_VERSION = 1.0;
				PRODUCT_BUNDLE_IDENTIFIER = com.lyledu.TransformatUITests;
				PRODUCT_NAME = "$(TARGET_NAME)";
				SWIFT_EMIT_LOC_STRINGS = NO;
				SWIFT_VERSION = 5.0;
				TEST_TARGET_NAME = Transformat;
			};
			name = Release;
		};
/* End XCBuildConfiguration section */

/* Begin XCConfigurationList section */
		3E5E558C280C760F000C5435 /* Build configuration list for PBXProject "Transformat" */ = {
			isa = XCConfigurationList;
			buildConfigurations = (
				3E5E55B4280C7610000C5435 /* Debug */,
				3E5E55B5280C7610000C5435 /* Release */,
			);
			defaultConfigurationIsVisible = 0;
			defaultConfigurationName = Release;
		};
		3E5E55B6280C7610000C5435 /* Build configuration list for PBXNativeTarget "Transformat" */ = {
			isa = XCConfigurationList;
			buildConfigurations = (
				3E5E55B7280C7610000C5435 /* Debug */,
				3E5E55B8280C7610000C5435 /* Release */,
			);
			defaultConfigurationIsVisible = 0;
			defaultConfigurationName = Release;
		};
		3E5E55B9280C7610000C5435 /* Build configuration list for PBXNativeTarget "TransformatTests" */ = {
			isa = XCConfigurationList;
			buildConfigurations = (
				3E5E55BA280C7610000C5435 /* Debug */,
				3E5E55BB280C7610000C5435 /* Release */,
			);
			defaultConfigurationIsVisible = 0;
			defaultConfigurationName = Release;
		};
		3E5E55BC280C7610000C5435 /* Build configuration list for PBXNativeTarget "TransformatUITests" */ = {
			isa = XCConfigurationList;
			buildConfigurations = (
				3E5E55BD280C7610000C5435 /* Debug */,
				3E5E55BE280C7610000C5435 /* Release */,
			);
			defaultConfigurationIsVisible = 0;
			defaultConfigurationName = Release;
		};
/* End XCConfigurationList section */
	};
	rootObject = 3E5E5589280C760F000C5435 /* Project object */;
}
